// !$*UTF8*$!
{
	archiveVersion = 1;
	classes = {
	};
	objectVersion = 51;
	objects = {

/* Begin PBXBuildFile section */
		0336E13B24B243DF009FC15B /* AppStartup.swift in Sources */ = {isa = PBXBuildFile; fileRef = 0336E13A24B243DF009FC15B /* AppStartup.swift */; };
		035AE92424B0CC9A007E5775 /* Storyboard+Extensions.swift in Sources */ = {isa = PBXBuildFile; fileRef = 035AE92324B0CC9A007E5775 /* Storyboard+Extensions.swift */; };
		035AE92A24B0D28E007E5775 /* UIColor+Extensions.swift in Sources */ = {isa = PBXBuildFile; fileRef = 035AE92924B0D28E007E5775 /* UIColor+Extensions.swift */; };
		035AE92C24B0D2B1007E5775 /* UIView+Extensions.swift in Sources */ = {isa = PBXBuildFile; fileRef = 035AE92B24B0D2B1007E5775 /* UIView+Extensions.swift */; };
		035AE92E24B0D2E8007E5775 /* UINavigationViewController+Extensions.swift in Sources */ = {isa = PBXBuildFile; fileRef = 035AE92D24B0D2E8007E5775 /* UINavigationViewController+Extensions.swift */; };
		035AE93024B0D320007E5775 /* UITableView+Extensions.swift in Sources */ = {isa = PBXBuildFile; fileRef = 035AE92F24B0D320007E5775 /* UITableView+Extensions.swift */; };
		035AE93224B0D376007E5775 /* Encodable+Extensions.swift in Sources */ = {isa = PBXBuildFile; fileRef = 035AE93124B0D376007E5775 /* Encodable+Extensions.swift */; };
		035AE93424B0D398007E5775 /* UITextField+Extensions.swift in Sources */ = {isa = PBXBuildFile; fileRef = 035AE93324B0D398007E5775 /* UITextField+Extensions.swift */; };
		035AE93624B0D3B6007E5775 /* UIImageView+Extensions.swift in Sources */ = {isa = PBXBuildFile; fileRef = 035AE93524B0D3B6007E5775 /* UIImageView+Extensions.swift */; };
		035AE93824B0D3F2007E5775 /* UIViewController+Extensions.swift in Sources */ = {isa = PBXBuildFile; fileRef = 035AE93724B0D3F2007E5775 /* UIViewController+Extensions.swift */; };
		035AE93A24B0D4D8007E5775 /* Int+Extensions.swift in Sources */ = {isa = PBXBuildFile; fileRef = 035AE93924B0D4D8007E5775 /* Int+Extensions.swift */; };
		035AE93C24B0D516007E5775 /* Double+Extensions.swift in Sources */ = {isa = PBXBuildFile; fileRef = 035AE93B24B0D516007E5775 /* Double+Extensions.swift */; };
		035AE93E24B0D52F007E5775 /* String+Extensions.swift in Sources */ = {isa = PBXBuildFile; fileRef = 035AE93D24B0D52F007E5775 /* String+Extensions.swift */; };
		4A86F2F521BC4EA3003B6CC2 /* Repository.swift in Sources */ = {isa = PBXBuildFile; fileRef = 4A86F2F421BC4EA3003B6CC2 /* Repository.swift */; };
		4A86F2F721BC5197003B6CC2 /* Owner.swift in Sources */ = {isa = PBXBuildFile; fileRef = 4A86F2F621BC5197003B6CC2 /* Owner.swift */; };
		4A86F2FC21BC5239003B6CC2 /* RepoListSearchRequest.swift in Sources */ = {isa = PBXBuildFile; fileRef = 4A86F2FB21BC5239003B6CC2 /* RepoListSearchRequest.swift */; };
		4A86F30221BC5393003B6CC2 /* RepoListSearchEndpointProvider.swift in Sources */ = {isa = PBXBuildFile; fileRef = 4A86F30121BC5393003B6CC2 /* RepoListSearchEndpointProvider.swift */; };
		4A86F30521BC59B0003B6CC2 /* RepoListResponse.swift in Sources */ = {isa = PBXBuildFile; fileRef = 4A86F30421BC59B0003B6CC2 /* RepoListResponse.swift */; };
		4A86F30A21BC5E89003B6CC2 /* RepoListServices.swift in Sources */ = {isa = PBXBuildFile; fileRef = 4A86F30921BC5E89003B6CC2 /* RepoListServices.swift */; };
		4A86F30C21BC5FDE003B6CC2 /* ServicesResult.swift in Sources */ = {isa = PBXBuildFile; fileRef = 4A86F30B21BC5FDE003B6CC2 /* ServicesResult.swift */; };
		4A86F30E21BC601D003B6CC2 /* RepoListServiceImp.swift in Sources */ = {isa = PBXBuildFile; fileRef = 4A86F30D21BC601D003B6CC2 /* RepoListServiceImp.swift */; };
		4A86F31421BCF4D9003B6CC2 /* RepoListViperProtocols.swift in Sources */ = {isa = PBXBuildFile; fileRef = 4A86F31321BCF4D9003B6CC2 /* RepoListViperProtocols.swift */; };
		4A86F31621BCFE1A003B6CC2 /* RepoListPresenter.swift in Sources */ = {isa = PBXBuildFile; fileRef = 4A86F31521BCFE1A003B6CC2 /* RepoListPresenter.swift */; };
		4A86F31821BD1316003B6CC2 /* RepoListInteractor.swift in Sources */ = {isa = PBXBuildFile; fileRef = 4A86F31721BD1316003B6CC2 /* RepoListInteractor.swift */; };
		4A86F31A21BD19E2003B6CC2 /* RepoListUserRequest.swift in Sources */ = {isa = PBXBuildFile; fileRef = 4A86F31921BD19E1003B6CC2 /* RepoListUserRequest.swift */; };
		4A86F31C21BD1A21003B6CC2 /* RepoListUserEndProvider.swift in Sources */ = {isa = PBXBuildFile; fileRef = 4A86F31B21BD1A21003B6CC2 /* RepoListUserEndProvider.swift */; };
		4A86F31F21BD252A003B6CC2 /* RepoListDTO.swift in Sources */ = {isa = PBXBuildFile; fileRef = 4A86F31E21BD252A003B6CC2 /* RepoListDTO.swift */; };
		4A86F32121BD2A9C003B6CC2 /* RepoListType.swift in Sources */ = {isa = PBXBuildFile; fileRef = 4A86F32021BD2A9C003B6CC2 /* RepoListType.swift */; };
		4A86F32321BD682D003B6CC2 /* RepoListRouter.swift in Sources */ = {isa = PBXBuildFile; fileRef = 4A86F32221BD682D003B6CC2 /* RepoListRouter.swift */; };
		4A86F32621BD7E6A003B6CC2 /* ForkListRouter.swift in Sources */ = {isa = PBXBuildFile; fileRef = 4A86F32521BD7E6A003B6CC2 /* ForkListRouter.swift */; };
		4A86F32B21BD83F9003B6CC2 /* ForkListDTO.swift in Sources */ = {isa = PBXBuildFile; fileRef = 4A86F32A21BD83F9003B6CC2 /* ForkListDTO.swift */; };
		4A86F32F21BD8605003B6CC2 /* ForkListRequest.swift in Sources */ = {isa = PBXBuildFile; fileRef = 4A86F32E21BD8605003B6CC2 /* ForkListRequest.swift */; };
		4A86F33221BD86A7003B6CC2 /* ForkListEndpointProvider.swift in Sources */ = {isa = PBXBuildFile; fileRef = 4A86F33121BD86A7003B6CC2 /* ForkListEndpointProvider.swift */; };
		4A86F33421BD8880003B6CC2 /* ForkListServices.swift in Sources */ = {isa = PBXBuildFile; fileRef = 4A86F33321BD8880003B6CC2 /* ForkListServices.swift */; };
		4A86F33921BD8946003B6CC2 /* ForkListServicesImp.swift in Sources */ = {isa = PBXBuildFile; fileRef = 4A86F33821BD8946003B6CC2 /* ForkListServicesImp.swift */; };
		4A86F33C21BD8DC9003B6CC2 /* ForkListResponse.swift in Sources */ = {isa = PBXBuildFile; fileRef = 4A86F33B21BD8DC9003B6CC2 /* ForkListResponse.swift */; };
		4A86F34021BD9494003B6CC2 /* ForkListProtocol.swift in Sources */ = {isa = PBXBuildFile; fileRef = 4A86F33F21BD9494003B6CC2 /* ForkListProtocol.swift */; };
		4A86F34221BD94E3003B6CC2 /* ForkListInteractor.swift in Sources */ = {isa = PBXBuildFile; fileRef = 4A86F34121BD94E3003B6CC2 /* ForkListInteractor.swift */; };
		4A86F34421BD9C6D003B6CC2 /* ForkListPresenter.swift in Sources */ = {isa = PBXBuildFile; fileRef = 4A86F34321BD9C6D003B6CC2 /* ForkListPresenter.swift */; };
		4A86F34921BE3B3D003B6CC2 /* RepoListBuilder.swift in Sources */ = {isa = PBXBuildFile; fileRef = 4A86F34821BE3B3D003B6CC2 /* RepoListBuilder.swift */; };
		4A86F34D21BE462D003B6CC2 /* ForksListBuilder.swift in Sources */ = {isa = PBXBuildFile; fileRef = 4A86F34C21BE462D003B6CC2 /* ForksListBuilder.swift */; };
		4A86F36921BE866C003B6CC2 /* LoginEnpointProvider.swift in Sources */ = {isa = PBXBuildFile; fileRef = 4A86F36821BE866C003B6CC2 /* LoginEnpointProvider.swift */; };
		4A86F36B21BE867B003B6CC2 /* LoginRequest.swift in Sources */ = {isa = PBXBuildFile; fileRef = 4A86F36A21BE867B003B6CC2 /* LoginRequest.swift */; };
		4A86F37021BE89C0003B6CC2 /* LoginServices.swift in Sources */ = {isa = PBXBuildFile; fileRef = 4A86F36F21BE89C0003B6CC2 /* LoginServices.swift */; };
		4A86F37221BE8A76003B6CC2 /* LoginServiceImp.swift in Sources */ = {isa = PBXBuildFile; fileRef = 4A86F37121BE8A76003B6CC2 /* LoginServiceImp.swift */; };
		4A86F37421BE95BF003B6CC2 /* LoginDTO.swift in Sources */ = {isa = PBXBuildFile; fileRef = 4A86F37321BE95BF003B6CC2 /* LoginDTO.swift */; };
		4A86F37821BEB85E003B6CC2 /* MockNetworkManager.swift in Sources */ = {isa = PBXBuildFile; fileRef = 4A86F37721BEB85E003B6CC2 /* MockNetworkManager.swift */; };
		4A86F37C21BEBB65003B6CC2 /* MockLoginView.swift in Sources */ = {isa = PBXBuildFile; fileRef = 4A86F37B21BEBB65003B6CC2 /* MockLoginView.swift */; };
		4A86F37E21BEBD12003B6CC2 /* MockLoginPresenter.swift in Sources */ = {isa = PBXBuildFile; fileRef = 4A86F37D21BEBD12003B6CC2 /* MockLoginPresenter.swift */; };
		4A86F38021BEBDA9003B6CC2 /* MockLoginInteractor.swift in Sources */ = {isa = PBXBuildFile; fileRef = 4A86F37F21BEBDA9003B6CC2 /* MockLoginInteractor.swift */; };
		4A86F38221BEBE19003B6CC2 /* MockLoginViewRouter.swift in Sources */ = {isa = PBXBuildFile; fileRef = 4A86F38121BEBE19003B6CC2 /* MockLoginViewRouter.swift */; };
		4A86F38821BEBF39003B6CC2 /* LoginViewPresenterTests.swift in Sources */ = {isa = PBXBuildFile; fileRef = 4A86F38721BEBF39003B6CC2 /* LoginViewPresenterTests.swift */; };
		4A86F38A21BEC6CB003B6CC2 /* LoginViewInteractorTests.swift in Sources */ = {isa = PBXBuildFile; fileRef = 4A86F38921BEC6CB003B6CC2 /* LoginViewInteractorTests.swift */; };
		4A86F38D21BEC7EC003B6CC2 /* MockLoginServices.swift in Sources */ = {isa = PBXBuildFile; fileRef = 4A86F38C21BEC7EC003B6CC2 /* MockLoginServices.swift */; };
		4A86F39021BECB5E003B6CC2 /* MockForkListServices.swift in Sources */ = {isa = PBXBuildFile; fileRef = 4A86F38F21BECB5E003B6CC2 /* MockForkListServices.swift */; };
		4A86F39221BECD37003B6CC2 /* MockRepoListServices.swift in Sources */ = {isa = PBXBuildFile; fileRef = 4A86F39121BECD37003B6CC2 /* MockRepoListServices.swift */; };
		4A86F39521BECE95003B6CC2 /* MockForkListPresenter.swift in Sources */ = {isa = PBXBuildFile; fileRef = 4A86F39421BECE95003B6CC2 /* MockForkListPresenter.swift */; };
		4A86F39721BECFB6003B6CC2 /* MockForkListView.swift in Sources */ = {isa = PBXBuildFile; fileRef = 4A86F39621BECFB6003B6CC2 /* MockForkListView.swift */; };
		4A86F39921BED386003B6CC2 /* MockForkListInteractor.swift in Sources */ = {isa = PBXBuildFile; fileRef = 4A86F39821BED386003B6CC2 /* MockForkListInteractor.swift */; };
		4A86F39B21BED3FC003B6CC2 /* MockForkListRouter.swift in Sources */ = {isa = PBXBuildFile; fileRef = 4A86F39A21BED3FC003B6CC2 /* MockForkListRouter.swift */; };
		4A86F39D21BED465003B6CC2 /* ForkListPresenterTests.swift in Sources */ = {isa = PBXBuildFile; fileRef = 4A86F39C21BED465003B6CC2 /* ForkListPresenterTests.swift */; };
		4A86F39F21BED6E4003B6CC2 /* ForkListInteractorTests.swift in Sources */ = {isa = PBXBuildFile; fileRef = 4A86F39E21BED6E4003B6CC2 /* ForkListInteractorTests.swift */; };
		4A86F3A321BED8AB003B6CC2 /* MockRepoListView.swift in Sources */ = {isa = PBXBuildFile; fileRef = 4A86F3A221BED8AB003B6CC2 /* MockRepoListView.swift */; };
		4A86F3A521BED9F8003B6CC2 /* MockRepoListInteractor.swift in Sources */ = {isa = PBXBuildFile; fileRef = 4A86F3A421BED9F8003B6CC2 /* MockRepoListInteractor.swift */; };
		4A86F3A721BEDAB7003B6CC2 /* MockRepoListRouter.swift in Sources */ = {isa = PBXBuildFile; fileRef = 4A86F3A621BEDAB7003B6CC2 /* MockRepoListRouter.swift */; };
		4A86F3A921BEDB57003B6CC2 /* MockRepoListPresenter.swift in Sources */ = {isa = PBXBuildFile; fileRef = 4A86F3A821BEDB57003B6CC2 /* MockRepoListPresenter.swift */; };
		4A86F3AB21BEDC49003B6CC2 /* RepoListPresenterTests.swift in Sources */ = {isa = PBXBuildFile; fileRef = 4A86F3AA21BEDC49003B6CC2 /* RepoListPresenterTests.swift */; };
		4A86F3AD21BEE34A003B6CC2 /* RepoListInteractorTests.swift in Sources */ = {isa = PBXBuildFile; fileRef = 4A86F3AC21BEE34A003B6CC2 /* RepoListInteractorTests.swift */; };
		4AC16B5C21BB8A360012B89B /* AppDelegate.swift in Sources */ = {isa = PBXBuildFile; fileRef = 4AC16B5B21BB8A360012B89B /* AppDelegate.swift */; };
		4AC16B5E21BB8A360012B89B /* RepoListViewController.swift in Sources */ = {isa = PBXBuildFile; fileRef = 4AC16B5D21BB8A360012B89B /* RepoListViewController.swift */; };
		4AC16B6121BB8A360012B89B /* Main.storyboard in Resources */ = {isa = PBXBuildFile; fileRef = 4AC16B5F21BB8A360012B89B /* Main.storyboard */; };
		4AC16B6321BB8A390012B89B /* Assets.xcassets in Resources */ = {isa = PBXBuildFile; fileRef = 4AC16B6221BB8A390012B89B /* Assets.xcassets */; };
		4AC16B6621BB8A390012B89B /* LaunchScreen.storyboard in Resources */ = {isa = PBXBuildFile; fileRef = 4AC16B6421BB8A390012B89B /* LaunchScreen.storyboard */; };
		4AC16B7F21BB8D5B0012B89B /* Constants.swift in Sources */ = {isa = PBXBuildFile; fileRef = 4AC16B7E21BB8D5B0012B89B /* Constants.swift */; };
		4AC16B8621BB8E3A0012B89B /* DTO.swift in Sources */ = {isa = PBXBuildFile; fileRef = 4AC16B8521BB8E3A0012B89B /* DTO.swift */; };
		4AC16B8821BB8E5F0012B89B /* EmptyDTO.swift in Sources */ = {isa = PBXBuildFile; fileRef = 4AC16B8721BB8E5F0012B89B /* EmptyDTO.swift */; };
		4AC16B8A21BB8E7B0012B89B /* EndpointProvider.swift in Sources */ = {isa = PBXBuildFile; fileRef = 4AC16B8921BB8E7B0012B89B /* EndpointProvider.swift */; };
		4AC16B8C21BB8EAD0012B89B /* NetworkManager.swift in Sources */ = {isa = PBXBuildFile; fileRef = 4AC16B8B21BB8EAD0012B89B /* NetworkManager.swift */; };
		4AC16B8F21BB8EE80012B89B /* API.swift in Sources */ = {isa = PBXBuildFile; fileRef = 4AC16B8E21BB8EE80012B89B /* API.swift */; };
		4AC16B9121BB8F140012B89B /* BaseURL.swift in Sources */ = {isa = PBXBuildFile; fileRef = 4AC16B9021BB8F140012B89B /* BaseURL.swift */; };
		4AC16B9321BB8F5E0012B89B /* Result.swift in Sources */ = {isa = PBXBuildFile; fileRef = 4AC16B9221BB8F5E0012B89B /* Result.swift */; };
		4AC16B9521BB8F7B0012B89B /* NetworkError.swift in Sources */ = {isa = PBXBuildFile; fileRef = 4AC16B9421BB8F7B0012B89B /* NetworkError.swift */; };
		4AC16B9721BB8FAB0012B89B /* RequestError.swift in Sources */ = {isa = PBXBuildFile; fileRef = 4AC16B9621BB8FAB0012B89B /* RequestError.swift */; };
		4AC16B9921BB8FD40012B89B /* NetworkResult.swift in Sources */ = {isa = PBXBuildFile; fileRef = 4AC16B9821BB8FD40012B89B /* NetworkResult.swift */; };
		4AC16B9B21BB90040012B89B /* Endpoint.swift in Sources */ = {isa = PBXBuildFile; fileRef = 4AC16B9A21BB90040012B89B /* Endpoint.swift */; };
		4AC16B9E21BB91790012B89B /* AlamofireManager.swift in Sources */ = {isa = PBXBuildFile; fileRef = 4AC16B9D21BB91790012B89B /* AlamofireManager.swift */; };
		4AC16BA521BB97880012B89B /* HTTPMethods.swift in Sources */ = {isa = PBXBuildFile; fileRef = 4AC16BA421BB97880012B89B /* HTTPMethods.swift */; };
		4AC16BA821BB99A30012B89B /* API+RepositoryFinder.swift in Sources */ = {isa = PBXBuildFile; fileRef = 4AC16BA721BB99A30012B89B /* API+RepositoryFinder.swift */; };
		4AC16BAA21BB99F80012B89B /* BaseURL+RepositoryFinder.swift in Sources */ = {isa = PBXBuildFile; fileRef = 4AC16BA921BB99F80012B89B /* BaseURL+RepositoryFinder.swift */; };
		4AC16BF821BC09CA0012B89B /* SearchView.xib in Resources */ = {isa = PBXBuildFile; fileRef = 4AC16BF721BC09CA0012B89B /* SearchView.xib */; };
		4AC16BFA21BC0A480012B89B /* SearchView.swift in Sources */ = {isa = PBXBuildFile; fileRef = 4AC16BF921BC0A480012B89B /* SearchView.swift */; };
		4AC16C0021BC11C40012B89B /* RepoListTableViewCell.swift in Sources */ = {isa = PBXBuildFile; fileRef = 4AC16BFE21BC11C40012B89B /* RepoListTableViewCell.swift */; };
		4AC16C0121BC11C40012B89B /* RepoListTableViewCell.xib in Resources */ = {isa = PBXBuildFile; fileRef = 4AC16BFF21BC11C40012B89B /* RepoListTableViewCell.xib */; };
		4AC16C0321BC1A950012B89B /* Utils.swift in Sources */ = {isa = PBXBuildFile; fileRef = 4AC16C0221BC1A950012B89B /* Utils.swift */; };
		4AC16C0B21BC24E60012B89B /* ShowMoreTableViewCell.swift in Sources */ = {isa = PBXBuildFile; fileRef = 4AC16C0921BC24E60012B89B /* ShowMoreTableViewCell.swift */; };
		4AC16C0C21BC24E60012B89B /* ShowMoreTableViewCell.xib in Resources */ = {isa = PBXBuildFile; fileRef = 4AC16C0A21BC24E60012B89B /* ShowMoreTableViewCell.xib */; };
		4AC16C1121BC2B4D0012B89B /* ForkListViewController.swift in Sources */ = {isa = PBXBuildFile; fileRef = 4AC16C1021BC2B4D0012B89B /* ForkListViewController.swift */; };
		4AC16C1421BC2BE10012B89B /* ForkListTableViewCell.swift in Sources */ = {isa = PBXBuildFile; fileRef = 4AC16C1221BC2BE10012B89B /* ForkListTableViewCell.swift */; };
		4AC16C1521BC2BE10012B89B /* ForkListTableViewCell.xib in Resources */ = {isa = PBXBuildFile; fileRef = 4AC16C1321BC2BE10012B89B /* ForkListTableViewCell.xib */; };
		4AC16C1721BC37350012B89B /* NothingFoundView.swift in Sources */ = {isa = PBXBuildFile; fileRef = 4AC16C1621BC37350012B89B /* NothingFoundView.swift */; };
		4AC16C1921BC37510012B89B /* NothingFoundView.xib in Resources */ = {isa = PBXBuildFile; fileRef = 4AC16C1821BC37510012B89B /* NothingFoundView.xib */; };
		9F77C99F3A0FB3FBEC0EE5EF /* Pods_Repository_Finder.framework in Frameworks */ = {isa = PBXBuildFile; fileRef = D8C5D9D4E929B450F8E15D4A /* Pods_Repository_Finder.framework */; };
/* End PBXBuildFile section */

/* Begin PBXContainerItemProxy section */
		4AC16B6D21BB8A390012B89B /* PBXContainerItemProxy */ = {
			isa = PBXContainerItemProxy;
			containerPortal = 4AC16B5021BB8A360012B89B /* Project object */;
			proxyType = 1;
			remoteGlobalIDString = 4AC16B5721BB8A360012B89B;
			remoteInfo = "Repository Finder";
		};
/* End PBXContainerItemProxy section */

/* Begin PBXFileReference section */
		0336E13A24B243DF009FC15B /* AppStartup.swift */ = {isa = PBXFileReference; lastKnownFileType = sourcecode.swift; path = AppStartup.swift; sourceTree = "<group>"; };
		035AE92324B0CC9A007E5775 /* Storyboard+Extensions.swift */ = {isa = PBXFileReference; lastKnownFileType = sourcecode.swift; path = "Storyboard+Extensions.swift"; sourceTree = "<group>"; };
		035AE92924B0D28E007E5775 /* UIColor+Extensions.swift */ = {isa = PBXFileReference; lastKnownFileType = sourcecode.swift; path = "UIColor+Extensions.swift"; sourceTree = "<group>"; };
		035AE92B24B0D2B1007E5775 /* UIView+Extensions.swift */ = {isa = PBXFileReference; lastKnownFileType = sourcecode.swift; path = "UIView+Extensions.swift"; sourceTree = "<group>"; };
		035AE92D24B0D2E8007E5775 /* UINavigationViewController+Extensions.swift */ = {isa = PBXFileReference; lastKnownFileType = sourcecode.swift; path = "UINavigationViewController+Extensions.swift"; sourceTree = "<group>"; };
		035AE92F24B0D320007E5775 /* UITableView+Extensions.swift */ = {isa = PBXFileReference; lastKnownFileType = sourcecode.swift; path = "UITableView+Extensions.swift"; sourceTree = "<group>"; };
		035AE93124B0D376007E5775 /* Encodable+Extensions.swift */ = {isa = PBXFileReference; lastKnownFileType = sourcecode.swift; path = "Encodable+Extensions.swift"; sourceTree = "<group>"; };
		035AE93324B0D398007E5775 /* UITextField+Extensions.swift */ = {isa = PBXFileReference; lastKnownFileType = sourcecode.swift; path = "UITextField+Extensions.swift"; sourceTree = "<group>"; };
		035AE93524B0D3B6007E5775 /* UIImageView+Extensions.swift */ = {isa = PBXFileReference; lastKnownFileType = sourcecode.swift; path = "UIImageView+Extensions.swift"; sourceTree = "<group>"; };
		035AE93724B0D3F2007E5775 /* UIViewController+Extensions.swift */ = {isa = PBXFileReference; lastKnownFileType = sourcecode.swift; path = "UIViewController+Extensions.swift"; sourceTree = "<group>"; };
		035AE93924B0D4D8007E5775 /* Int+Extensions.swift */ = {isa = PBXFileReference; lastKnownFileType = sourcecode.swift; path = "Int+Extensions.swift"; sourceTree = "<group>"; };
		035AE93B24B0D516007E5775 /* Double+Extensions.swift */ = {isa = PBXFileReference; lastKnownFileType = sourcecode.swift; path = "Double+Extensions.swift"; sourceTree = "<group>"; };
		035AE93D24B0D52F007E5775 /* String+Extensions.swift */ = {isa = PBXFileReference; lastKnownFileType = sourcecode.swift; path = "String+Extensions.swift"; sourceTree = "<group>"; };
		0757DF11F998307046B1B9B9 /* Pods-Repository Finder.release.xcconfig */ = {isa = PBXFileReference; includeInIndex = 1; lastKnownFileType = text.xcconfig; name = "Pods-Repository Finder.release.xcconfig"; path = "Pods/Target Support Files/Pods-Repository Finder/Pods-Repository Finder.release.xcconfig"; sourceTree = "<group>"; };
		4A86F2F421BC4EA3003B6CC2 /* Repository.swift */ = {isa = PBXFileReference; lastKnownFileType = sourcecode.swift; path = Repository.swift; sourceTree = "<group>"; };
		4A86F2F621BC5197003B6CC2 /* Owner.swift */ = {isa = PBXFileReference; lastKnownFileType = sourcecode.swift; path = Owner.swift; sourceTree = "<group>"; };
		4A86F2FB21BC5239003B6CC2 /* RepoListSearchRequest.swift */ = {isa = PBXFileReference; lastKnownFileType = sourcecode.swift; path = RepoListSearchRequest.swift; sourceTree = "<group>"; };
		4A86F30121BC5393003B6CC2 /* RepoListSearchEndpointProvider.swift */ = {isa = PBXFileReference; lastKnownFileType = sourcecode.swift; path = RepoListSearchEndpointProvider.swift; sourceTree = "<group>"; };
		4A86F30421BC59B0003B6CC2 /* RepoListResponse.swift */ = {isa = PBXFileReference; lastKnownFileType = sourcecode.swift; path = RepoListResponse.swift; sourceTree = "<group>"; };
		4A86F30921BC5E89003B6CC2 /* RepoListServices.swift */ = {isa = PBXFileReference; lastKnownFileType = sourcecode.swift; path = RepoListServices.swift; sourceTree = "<group>"; };
		4A86F30B21BC5FDE003B6CC2 /* ServicesResult.swift */ = {isa = PBXFileReference; lastKnownFileType = sourcecode.swift; path = ServicesResult.swift; sourceTree = "<group>"; };
		4A86F30D21BC601D003B6CC2 /* RepoListServiceImp.swift */ = {isa = PBXFileReference; lastKnownFileType = sourcecode.swift; path = RepoListServiceImp.swift; sourceTree = "<group>"; };
		4A86F31321BCF4D9003B6CC2 /* RepoListViperProtocols.swift */ = {isa = PBXFileReference; lastKnownFileType = sourcecode.swift; path = RepoListViperProtocols.swift; sourceTree = "<group>"; };
		4A86F31521BCFE1A003B6CC2 /* RepoListPresenter.swift */ = {isa = PBXFileReference; lastKnownFileType = sourcecode.swift; path = RepoListPresenter.swift; sourceTree = "<group>"; };
		4A86F31721BD1316003B6CC2 /* RepoListInteractor.swift */ = {isa = PBXFileReference; lastKnownFileType = sourcecode.swift; path = RepoListInteractor.swift; sourceTree = "<group>"; };
		4A86F31921BD19E1003B6CC2 /* RepoListUserRequest.swift */ = {isa = PBXFileReference; lastKnownFileType = sourcecode.swift; path = RepoListUserRequest.swift; sourceTree = "<group>"; };
		4A86F31B21BD1A21003B6CC2 /* RepoListUserEndProvider.swift */ = {isa = PBXFileReference; lastKnownFileType = sourcecode.swift; path = RepoListUserEndProvider.swift; sourceTree = "<group>"; };
		4A86F31E21BD252A003B6CC2 /* RepoListDTO.swift */ = {isa = PBXFileReference; lastKnownFileType = sourcecode.swift; path = RepoListDTO.swift; sourceTree = "<group>"; };
		4A86F32021BD2A9C003B6CC2 /* RepoListType.swift */ = {isa = PBXFileReference; lastKnownFileType = sourcecode.swift; path = RepoListType.swift; sourceTree = "<group>"; };
		4A86F32221BD682D003B6CC2 /* RepoListRouter.swift */ = {isa = PBXFileReference; lastKnownFileType = sourcecode.swift; path = RepoListRouter.swift; sourceTree = "<group>"; };
		4A86F32521BD7E6A003B6CC2 /* ForkListRouter.swift */ = {isa = PBXFileReference; lastKnownFileType = sourcecode.swift; path = ForkListRouter.swift; sourceTree = "<group>"; };
		4A86F32A21BD83F9003B6CC2 /* ForkListDTO.swift */ = {isa = PBXFileReference; lastKnownFileType = sourcecode.swift; path = ForkListDTO.swift; sourceTree = "<group>"; };
		4A86F32E21BD8605003B6CC2 /* ForkListRequest.swift */ = {isa = PBXFileReference; lastKnownFileType = sourcecode.swift; path = ForkListRequest.swift; sourceTree = "<group>"; };
		4A86F33121BD86A7003B6CC2 /* ForkListEndpointProvider.swift */ = {isa = PBXFileReference; lastKnownFileType = sourcecode.swift; path = ForkListEndpointProvider.swift; sourceTree = "<group>"; };
		4A86F33321BD8880003B6CC2 /* ForkListServices.swift */ = {isa = PBXFileReference; lastKnownFileType = sourcecode.swift; path = ForkListServices.swift; sourceTree = "<group>"; };
		4A86F33821BD8946003B6CC2 /* ForkListServicesImp.swift */ = {isa = PBXFileReference; lastKnownFileType = sourcecode.swift; path = ForkListServicesImp.swift; sourceTree = "<group>"; };
		4A86F33B21BD8DC9003B6CC2 /* ForkListResponse.swift */ = {isa = PBXFileReference; lastKnownFileType = sourcecode.swift; path = ForkListResponse.swift; sourceTree = "<group>"; };
		4A86F33F21BD9494003B6CC2 /* ForkListProtocol.swift */ = {isa = PBXFileReference; lastKnownFileType = sourcecode.swift; path = ForkListProtocol.swift; sourceTree = "<group>"; };
		4A86F34121BD94E3003B6CC2 /* ForkListInteractor.swift */ = {isa = PBXFileReference; lastKnownFileType = sourcecode.swift; path = ForkListInteractor.swift; sourceTree = "<group>"; };
		4A86F34321BD9C6D003B6CC2 /* ForkListPresenter.swift */ = {isa = PBXFileReference; lastKnownFileType = sourcecode.swift; path = ForkListPresenter.swift; sourceTree = "<group>"; };
		4A86F34821BE3B3D003B6CC2 /* RepoListBuilder.swift */ = {isa = PBXFileReference; lastKnownFileType = sourcecode.swift; path = RepoListBuilder.swift; sourceTree = "<group>"; };
		4A86F34C21BE462D003B6CC2 /* ForksListBuilder.swift */ = {isa = PBXFileReference; lastKnownFileType = sourcecode.swift; path = ForksListBuilder.swift; sourceTree = "<group>"; };
		4A86F36821BE866C003B6CC2 /* LoginEnpointProvider.swift */ = {isa = PBXFileReference; lastKnownFileType = sourcecode.swift; path = LoginEnpointProvider.swift; sourceTree = "<group>"; };
		4A86F36A21BE867B003B6CC2 /* LoginRequest.swift */ = {isa = PBXFileReference; lastKnownFileType = sourcecode.swift; path = LoginRequest.swift; sourceTree = "<group>"; };
		4A86F36F21BE89C0003B6CC2 /* LoginServices.swift */ = {isa = PBXFileReference; lastKnownFileType = sourcecode.swift; path = LoginServices.swift; sourceTree = "<group>"; };
		4A86F37121BE8A76003B6CC2 /* LoginServiceImp.swift */ = {isa = PBXFileReference; lastKnownFileType = sourcecode.swift; path = LoginServiceImp.swift; sourceTree = "<group>"; };
		4A86F37321BE95BF003B6CC2 /* LoginDTO.swift */ = {isa = PBXFileReference; lastKnownFileType = sourcecode.swift; path = LoginDTO.swift; sourceTree = "<group>"; };
		4A86F37721BEB85E003B6CC2 /* MockNetworkManager.swift */ = {isa = PBXFileReference; lastKnownFileType = sourcecode.swift; path = MockNetworkManager.swift; sourceTree = "<group>"; };
		4A86F37B21BEBB65003B6CC2 /* MockLoginView.swift */ = {isa = PBXFileReference; lastKnownFileType = sourcecode.swift; path = MockLoginView.swift; sourceTree = "<group>"; };
		4A86F37D21BEBD12003B6CC2 /* MockLoginPresenter.swift */ = {isa = PBXFileReference; lastKnownFileType = sourcecode.swift; path = MockLoginPresenter.swift; sourceTree = "<group>"; };
		4A86F37F21BEBDA9003B6CC2 /* MockLoginInteractor.swift */ = {isa = PBXFileReference; lastKnownFileType = sourcecode.swift; path = MockLoginInteractor.swift; sourceTree = "<group>"; };
		4A86F38121BEBE19003B6CC2 /* MockLoginViewRouter.swift */ = {isa = PBXFileReference; lastKnownFileType = sourcecode.swift; path = MockLoginViewRouter.swift; sourceTree = "<group>"; };
		4A86F38721BEBF39003B6CC2 /* LoginViewPresenterTests.swift */ = {isa = PBXFileReference; lastKnownFileType = sourcecode.swift; path = LoginViewPresenterTests.swift; sourceTree = "<group>"; };
		4A86F38921BEC6CB003B6CC2 /* LoginViewInteractorTests.swift */ = {isa = PBXFileReference; lastKnownFileType = sourcecode.swift; path = LoginViewInteractorTests.swift; sourceTree = "<group>"; };
		4A86F38C21BEC7EC003B6CC2 /* MockLoginServices.swift */ = {isa = PBXFileReference; lastKnownFileType = sourcecode.swift; path = MockLoginServices.swift; sourceTree = "<group>"; };
		4A86F38F21BECB5E003B6CC2 /* MockForkListServices.swift */ = {isa = PBXFileReference; lastKnownFileType = sourcecode.swift; path = MockForkListServices.swift; sourceTree = "<group>"; };
		4A86F39121BECD37003B6CC2 /* MockRepoListServices.swift */ = {isa = PBXFileReference; lastKnownFileType = sourcecode.swift; path = MockRepoListServices.swift; sourceTree = "<group>"; };
		4A86F39421BECE95003B6CC2 /* MockForkListPresenter.swift */ = {isa = PBXFileReference; lastKnownFileType = sourcecode.swift; path = MockForkListPresenter.swift; sourceTree = "<group>"; };
		4A86F39621BECFB6003B6CC2 /* MockForkListView.swift */ = {isa = PBXFileReference; lastKnownFileType = sourcecode.swift; path = MockForkListView.swift; sourceTree = "<group>"; };
		4A86F39821BED386003B6CC2 /* MockForkListInteractor.swift */ = {isa = PBXFileReference; lastKnownFileType = sourcecode.swift; path = MockForkListInteractor.swift; sourceTree = "<group>"; };
		4A86F39A21BED3FC003B6CC2 /* MockForkListRouter.swift */ = {isa = PBXFileReference; lastKnownFileType = sourcecode.swift; path = MockForkListRouter.swift; sourceTree = "<group>"; };
		4A86F39C21BED465003B6CC2 /* ForkListPresenterTests.swift */ = {isa = PBXFileReference; lastKnownFileType = sourcecode.swift; path = ForkListPresenterTests.swift; sourceTree = "<group>"; };
		4A86F39E21BED6E4003B6CC2 /* ForkListInteractorTests.swift */ = {isa = PBXFileReference; lastKnownFileType = sourcecode.swift; path = ForkListInteractorTests.swift; sourceTree = "<group>"; };
		4A86F3A221BED8AB003B6CC2 /* MockRepoListView.swift */ = {isa = PBXFileReference; lastKnownFileType = sourcecode.swift; path = MockRepoListView.swift; sourceTree = "<group>"; };
		4A86F3A421BED9F8003B6CC2 /* MockRepoListInteractor.swift */ = {isa = PBXFileReference; lastKnownFileType = sourcecode.swift; path = MockRepoListInteractor.swift; sourceTree = "<group>"; };
		4A86F3A621BEDAB7003B6CC2 /* MockRepoListRouter.swift */ = {isa = PBXFileReference; lastKnownFileType = sourcecode.swift; path = MockRepoListRouter.swift; sourceTree = "<group>"; };
		4A86F3A821BEDB57003B6CC2 /* MockRepoListPresenter.swift */ = {isa = PBXFileReference; lastKnownFileType = sourcecode.swift; path = MockRepoListPresenter.swift; sourceTree = "<group>"; };
		4A86F3AA21BEDC49003B6CC2 /* RepoListPresenterTests.swift */ = {isa = PBXFileReference; lastKnownFileType = sourcecode.swift; path = RepoListPresenterTests.swift; sourceTree = "<group>"; };
		4A86F3AC21BEE34A003B6CC2 /* RepoListInteractorTests.swift */ = {isa = PBXFileReference; lastKnownFileType = sourcecode.swift; path = RepoListInteractorTests.swift; sourceTree = "<group>"; };
		4AC16B5821BB8A360012B89B /* Repository Finder.app */ = {isa = PBXFileReference; explicitFileType = wrapper.application; includeInIndex = 0; path = "Repository Finder.app"; sourceTree = BUILT_PRODUCTS_DIR; };
		4AC16B5B21BB8A360012B89B /* AppDelegate.swift */ = {isa = PBXFileReference; lastKnownFileType = sourcecode.swift; path = AppDelegate.swift; sourceTree = "<group>"; };
		4AC16B5D21BB8A360012B89B /* RepoListViewController.swift */ = {isa = PBXFileReference; lastKnownFileType = sourcecode.swift; path = RepoListViewController.swift; sourceTree = "<group>"; };
		4AC16B6021BB8A360012B89B /* Base */ = {isa = PBXFileReference; lastKnownFileType = file.storyboard; name = Base; path = Base.lproj/Main.storyboard; sourceTree = "<group>"; };
		4AC16B6221BB8A390012B89B /* Assets.xcassets */ = {isa = PBXFileReference; lastKnownFileType = folder.assetcatalog; path = Assets.xcassets; sourceTree = "<group>"; };
		4AC16B6521BB8A390012B89B /* Base */ = {isa = PBXFileReference; lastKnownFileType = file.storyboard; name = Base; path = Base.lproj/LaunchScreen.storyboard; sourceTree = "<group>"; };
		4AC16B6721BB8A390012B89B /* Info.plist */ = {isa = PBXFileReference; lastKnownFileType = text.plist.xml; path = Info.plist; sourceTree = "<group>"; };
		4AC16B6C21BB8A390012B89B /* Repository FinderTests.xctest */ = {isa = PBXFileReference; explicitFileType = wrapper.cfbundle; includeInIndex = 0; path = "Repository FinderTests.xctest"; sourceTree = BUILT_PRODUCTS_DIR; };
		4AC16B7221BB8A390012B89B /* Info.plist */ = {isa = PBXFileReference; lastKnownFileType = text.plist.xml; path = Info.plist; sourceTree = "<group>"; };
		4AC16B7E21BB8D5B0012B89B /* Constants.swift */ = {isa = PBXFileReference; lastKnownFileType = sourcecode.swift; path = Constants.swift; sourceTree = "<group>"; };
		4AC16B8521BB8E3A0012B89B /* DTO.swift */ = {isa = PBXFileReference; lastKnownFileType = sourcecode.swift; path = DTO.swift; sourceTree = "<group>"; };
		4AC16B8721BB8E5F0012B89B /* EmptyDTO.swift */ = {isa = PBXFileReference; lastKnownFileType = sourcecode.swift; path = EmptyDTO.swift; sourceTree = "<group>"; };
		4AC16B8921BB8E7B0012B89B /* EndpointProvider.swift */ = {isa = PBXFileReference; lastKnownFileType = sourcecode.swift; path = EndpointProvider.swift; sourceTree = "<group>"; };
		4AC16B8B21BB8EAD0012B89B /* NetworkManager.swift */ = {isa = PBXFileReference; lastKnownFileType = sourcecode.swift; path = NetworkManager.swift; sourceTree = "<group>"; };
		4AC16B8E21BB8EE80012B89B /* API.swift */ = {isa = PBXFileReference; lastKnownFileType = sourcecode.swift; path = API.swift; sourceTree = "<group>"; };
		4AC16B9021BB8F140012B89B /* BaseURL.swift */ = {isa = PBXFileReference; lastKnownFileType = sourcecode.swift; path = BaseURL.swift; sourceTree = "<group>"; };
		4AC16B9221BB8F5E0012B89B /* Result.swift */ = {isa = PBXFileReference; lastKnownFileType = sourcecode.swift; path = Result.swift; sourceTree = "<group>"; };
		4AC16B9421BB8F7B0012B89B /* NetworkError.swift */ = {isa = PBXFileReference; lastKnownFileType = sourcecode.swift; path = NetworkError.swift; sourceTree = "<group>"; };
		4AC16B9621BB8FAB0012B89B /* RequestError.swift */ = {isa = PBXFileReference; lastKnownFileType = sourcecode.swift; path = RequestError.swift; sourceTree = "<group>"; };
		4AC16B9821BB8FD40012B89B /* NetworkResult.swift */ = {isa = PBXFileReference; lastKnownFileType = sourcecode.swift; path = NetworkResult.swift; sourceTree = "<group>"; };
		4AC16B9A21BB90040012B89B /* Endpoint.swift */ = {isa = PBXFileReference; lastKnownFileType = sourcecode.swift; path = Endpoint.swift; sourceTree = "<group>"; };
		4AC16B9D21BB91790012B89B /* AlamofireManager.swift */ = {isa = PBXFileReference; lastKnownFileType = sourcecode.swift; path = AlamofireManager.swift; sourceTree = "<group>"; };
		4AC16BA421BB97880012B89B /* HTTPMethods.swift */ = {isa = PBXFileReference; lastKnownFileType = sourcecode.swift; path = HTTPMethods.swift; sourceTree = "<group>"; };
		4AC16BA721BB99A30012B89B /* API+RepositoryFinder.swift */ = {isa = PBXFileReference; lastKnownFileType = sourcecode.swift; path = "API+RepositoryFinder.swift"; sourceTree = "<group>"; };
		4AC16BA921BB99F80012B89B /* BaseURL+RepositoryFinder.swift */ = {isa = PBXFileReference; lastKnownFileType = sourcecode.swift; path = "BaseURL+RepositoryFinder.swift"; sourceTree = "<group>"; };
		4AC16BF721BC09CA0012B89B /* SearchView.xib */ = {isa = PBXFileReference; lastKnownFileType = file.xib; path = SearchView.xib; sourceTree = "<group>"; };
		4AC16BF921BC0A480012B89B /* SearchView.swift */ = {isa = PBXFileReference; lastKnownFileType = sourcecode.swift; path = SearchView.swift; sourceTree = "<group>"; };
		4AC16BFE21BC11C40012B89B /* RepoListTableViewCell.swift */ = {isa = PBXFileReference; lastKnownFileType = sourcecode.swift; path = RepoListTableViewCell.swift; sourceTree = "<group>"; };
		4AC16BFF21BC11C40012B89B /* RepoListTableViewCell.xib */ = {isa = PBXFileReference; lastKnownFileType = file.xib; path = RepoListTableViewCell.xib; sourceTree = "<group>"; };
		4AC16C0221BC1A950012B89B /* Utils.swift */ = {isa = PBXFileReference; lastKnownFileType = sourcecode.swift; path = Utils.swift; sourceTree = "<group>"; };
		4AC16C0921BC24E60012B89B /* ShowMoreTableViewCell.swift */ = {isa = PBXFileReference; lastKnownFileType = sourcecode.swift; path = ShowMoreTableViewCell.swift; sourceTree = "<group>"; };
		4AC16C0A21BC24E60012B89B /* ShowMoreTableViewCell.xib */ = {isa = PBXFileReference; lastKnownFileType = file.xib; path = ShowMoreTableViewCell.xib; sourceTree = "<group>"; };
		4AC16C1021BC2B4D0012B89B /* ForkListViewController.swift */ = {isa = PBXFileReference; lastKnownFileType = sourcecode.swift; path = ForkListViewController.swift; sourceTree = "<group>"; };
		4AC16C1221BC2BE10012B89B /* ForkListTableViewCell.swift */ = {isa = PBXFileReference; lastKnownFileType = sourcecode.swift; path = ForkListTableViewCell.swift; sourceTree = "<group>"; };
		4AC16C1321BC2BE10012B89B /* ForkListTableViewCell.xib */ = {isa = PBXFileReference; lastKnownFileType = file.xib; path = ForkListTableViewCell.xib; sourceTree = "<group>"; };
		4AC16C1621BC37350012B89B /* NothingFoundView.swift */ = {isa = PBXFileReference; lastKnownFileType = sourcecode.swift; path = NothingFoundView.swift; sourceTree = "<group>"; };
		4AC16C1821BC37510012B89B /* NothingFoundView.xib */ = {isa = PBXFileReference; lastKnownFileType = file.xib; path = NothingFoundView.xib; sourceTree = "<group>"; };
		84BACBDA5A798EA8C6100348 /* Pods-Repository Finder.debug.xcconfig */ = {isa = PBXFileReference; includeInIndex = 1; lastKnownFileType = text.xcconfig; name = "Pods-Repository Finder.debug.xcconfig"; path = "Pods/Target Support Files/Pods-Repository Finder/Pods-Repository Finder.debug.xcconfig"; sourceTree = "<group>"; };
		D8C5D9D4E929B450F8E15D4A /* Pods_Repository_Finder.framework */ = {isa = PBXFileReference; explicitFileType = wrapper.framework; includeInIndex = 0; path = Pods_Repository_Finder.framework; sourceTree = BUILT_PRODUCTS_DIR; };
/* End PBXFileReference section */

/* Begin PBXFrameworksBuildPhase section */
		4AC16B5521BB8A360012B89B /* Frameworks */ = {
			isa = PBXFrameworksBuildPhase;
			buildActionMask = 2147483647;
			files = (
				9F77C99F3A0FB3FBEC0EE5EF /* Pods_Repository_Finder.framework in Frameworks */,
			);
			runOnlyForDeploymentPostprocessing = 0;
		};
		4AC16B6921BB8A390012B89B /* Frameworks */ = {
			isa = PBXFrameworksBuildPhase;
			buildActionMask = 2147483647;
			files = (
			);
			runOnlyForDeploymentPostprocessing = 0;
		};
/* End PBXFrameworksBuildPhase section */

/* Begin PBXGroup section */
		032AC60524B0E53200FACEAD /* SearchView */ = {
			isa = PBXGroup;
			children = (
				4AC16BF721BC09CA0012B89B /* SearchView.xib */,
				4AC16BF921BC0A480012B89B /* SearchView.swift */,
			);
			path = SearchView;
			sourceTree = "<group>";
		};
		032AC60624B0E54000FACEAD /* ShowmoreCell */ = {
			isa = PBXGroup;
			children = (
				4AC16C0A21BC24E60012B89B /* ShowMoreTableViewCell.xib */,
				4AC16C0921BC24E60012B89B /* ShowMoreTableViewCell.swift */,
			);
			path = ShowmoreCell;
			sourceTree = "<group>";
		};
		032AC60724B0E55400FACEAD /* NothingFoundView */ = {
			isa = PBXGroup;
			children = (
				4AC16C1821BC37510012B89B /* NothingFoundView.xib */,
				4AC16C1621BC37350012B89B /* NothingFoundView.swift */,
			);
			path = NothingFoundView;
			sourceTree = "<group>";
		};
		035AE92524B0D0BF007E5775 /* AppStartup */ = {
			isa = PBXGroup;
			children = (
				4AC16B6421BB8A390012B89B /* LaunchScreen.storyboard */,
				4AC16B6721BB8A390012B89B /* Info.plist */,
				4AC16B5B21BB8A360012B89B /* AppDelegate.swift */,
				0336E13A24B243DF009FC15B /* AppStartup.swift */,
			);
			path = AppStartup;
			sourceTree = "<group>";
		};
		035AE92624B0D0CD007E5775 /* Common */ = {
			isa = PBXGroup;
			children = (
				4AC16BFB21BC10500012B89B /* UI */,
				4AC16BA121BB97410012B89B /* Extensions */,
				4AC16B8321BB8DFD0012B89B /* Networking */,
				4AC16B7D21BB8D330012B89B /* Shared Resource */,
			);
			path = Common;
			sourceTree = "<group>";
		};
		035AE92724B0D0DC007E5775 /* Features */ = {
			isa = PBXGroup;
			children = (
				4A86F31D21BD24B4003B6CC2 /* DTO */,
				035AE93F24B0D852007E5775 /* UI */,
				4AC16C0521BC24020012B89B /* Services */,
			);
			path = Features;
			sourceTree = "<group>";
		};
		035AE92824B0D0E3007E5775 /* Resources */ = {
			isa = PBXGroup;
			children = (
				4AC16B6221BB8A390012B89B /* Assets.xcassets */,
			);
			path = Resources;
			sourceTree = "<group>";
		};
		035AE93F24B0D852007E5775 /* UI */ = {
			isa = PBXGroup;
			children = (
				4AC16B5F21BB8A360012B89B /* Main.storyboard */,
				4AC16C0721BC24430012B89B /* ForksList */,
				4AC16BF321BC08E80012B89B /* RepoList */,
			);
			path = UI;
			sourceTree = "<group>";
		};
		194A13F447AB8CC45ADE2633 /* Frameworks */ = {
			isa = PBXGroup;
			children = (
				D8C5D9D4E929B450F8E15D4A /* Pods_Repository_Finder.framework */,
			);
			name = Frameworks;
			sourceTree = "<group>";
		};
		4A86F2F321BC4C2D003B6CC2 /* Entiity */ = {
			isa = PBXGroup;
			children = (
				4A86F2F421BC4EA3003B6CC2 /* Repository.swift */,
				4A86F2F621BC5197003B6CC2 /* Owner.swift */,
				4A86F32021BD2A9C003B6CC2 /* RepoListType.swift */,
			);
			path = Entiity;
			sourceTree = "<group>";
		};
		4A86F2F821BC51EA003B6CC2 /* RepoListEndpointProvider */ = {
			isa = PBXGroup;
			children = (
				4A86F30321BC5897003B6CC2 /* Response */,
				4A86F30021BC5372003B6CC2 /* EnpoindProvider */,
				4A86F2FF21BC5369003B6CC2 /* Request */,
			);
			path = RepoListEndpointProvider;
			sourceTree = "<group>";
		};
		4A86F2FF21BC5369003B6CC2 /* Request */ = {
			isa = PBXGroup;
			children = (
				4A86F2FB21BC5239003B6CC2 /* RepoListSearchRequest.swift */,
				4A86F31921BD19E1003B6CC2 /* RepoListUserRequest.swift */,
			);
			path = Request;
			sourceTree = "<group>";
		};
		4A86F30021BC5372003B6CC2 /* EnpoindProvider */ = {
			isa = PBXGroup;
			children = (
				4A86F30121BC5393003B6CC2 /* RepoListSearchEndpointProvider.swift */,
				4A86F31B21BD1A21003B6CC2 /* RepoListUserEndProvider.swift */,
			);
			path = EnpoindProvider;
			sourceTree = "<group>";
		};
		4A86F30321BC5897003B6CC2 /* Response */ = {
			isa = PBXGroup;
			children = (
				4A86F30421BC59B0003B6CC2 /* RepoListResponse.swift */,
			);
			path = Response;
			sourceTree = "<group>";
		};
		4A86F30621BC5E60003B6CC2 /* RepoListServices */ = {
			isa = PBXGroup;
			children = (
				4A86F30821BC5E74003B6CC2 /* Service */,
				4A86F30721BC5E68003B6CC2 /* Contract */,
			);
			path = RepoListServices;
			sourceTree = "<group>";
		};
		4A86F30721BC5E68003B6CC2 /* Contract */ = {
			isa = PBXGroup;
			children = (
				4A86F30921BC5E89003B6CC2 /* RepoListServices.swift */,
			);
			path = Contract;
			sourceTree = "<group>";
		};
		4A86F30821BC5E74003B6CC2 /* Service */ = {
			isa = PBXGroup;
			children = (
				4A86F30D21BC601D003B6CC2 /* RepoListServiceImp.swift */,
			);
			path = Service;
			sourceTree = "<group>";
		};
		4A86F30F21BCF48F003B6CC2 /* Interactor */ = {
			isa = PBXGroup;
			children = (
				4A86F31721BD1316003B6CC2 /* RepoListInteractor.swift */,
			);
			path = Interactor;
			sourceTree = "<group>";
		};
		4A86F31021BCF4A2003B6CC2 /* Presenter */ = {
			isa = PBXGroup;
			children = (
				4A86F31521BCFE1A003B6CC2 /* RepoListPresenter.swift */,
			);
			path = Presenter;
			sourceTree = "<group>";
		};
		4A86F31121BCF4B0003B6CC2 /* Router */ = {
			isa = PBXGroup;
			children = (
				4A86F32221BD682D003B6CC2 /* RepoListRouter.swift */,
			);
			path = Router;
			sourceTree = "<group>";
		};
		4A86F31221BCF4BD003B6CC2 /* Protocols */ = {
			isa = PBXGroup;
			children = (
				4A86F31321BCF4D9003B6CC2 /* RepoListViperProtocols.swift */,
			);
			path = Protocols;
			sourceTree = "<group>";
		};
		4A86F31D21BD24B4003B6CC2 /* DTO */ = {
			isa = PBXGroup;
			children = (
				4A86F31E21BD252A003B6CC2 /* RepoListDTO.swift */,
				4A86F32A21BD83F9003B6CC2 /* ForkListDTO.swift */,
				4A86F37321BE95BF003B6CC2 /* LoginDTO.swift */,
			);
			path = DTO;
			sourceTree = "<group>";
		};
		4A86F32421BD7E4F003B6CC2 /* Router */ = {
			isa = PBXGroup;
			children = (
				4A86F32521BD7E6A003B6CC2 /* ForkListRouter.swift */,
			);
			path = Router;
			sourceTree = "<group>";
		};
		4A86F32721BD82DC003B6CC2 /* Presenter */ = {
			isa = PBXGroup;
			children = (
				4A86F34321BD9C6D003B6CC2 /* ForkListPresenter.swift */,
			);
			path = Presenter;
			sourceTree = "<group>";
		};
		4A86F32C21BD8543003B6CC2 /* ForkListEndpointProvider */ = {
			isa = PBXGroup;
			children = (
				4A86F33A21BD8DB2003B6CC2 /* Response */,
				4A86F33021BD864A003B6CC2 /* EndpointProvider */,
				4A86F32D21BD85ED003B6CC2 /* Request */,
			);
			path = ForkListEndpointProvider;
			sourceTree = "<group>";
		};
		4A86F32D21BD85ED003B6CC2 /* Request */ = {
			isa = PBXGroup;
			children = (
				4A86F32E21BD8605003B6CC2 /* ForkListRequest.swift */,
			);
			path = Request;
			sourceTree = "<group>";
		};
		4A86F33021BD864A003B6CC2 /* EndpointProvider */ = {
			isa = PBXGroup;
			children = (
				4A86F33121BD86A7003B6CC2 /* ForkListEndpointProvider.swift */,
			);
			path = EndpointProvider;
			sourceTree = "<group>";
		};
		4A86F33521BD8887003B6CC2 /* ForkListServices */ = {
			isa = PBXGroup;
			children = (
				4A86F33721BD892E003B6CC2 /* Service */,
				4A86F33621BD8928003B6CC2 /* Contract */,
			);
			path = ForkListServices;
			sourceTree = "<group>";
		};
		4A86F33621BD8928003B6CC2 /* Contract */ = {
			isa = PBXGroup;
			children = (
				4A86F33321BD8880003B6CC2 /* ForkListServices.swift */,
			);
			path = Contract;
			sourceTree = "<group>";
		};
		4A86F33721BD892E003B6CC2 /* Service */ = {
			isa = PBXGroup;
			children = (
				4A86F33821BD8946003B6CC2 /* ForkListServicesImp.swift */,
			);
			path = Service;
			sourceTree = "<group>";
		};
		4A86F33A21BD8DB2003B6CC2 /* Response */ = {
			isa = PBXGroup;
			children = (
				4A86F33B21BD8DC9003B6CC2 /* ForkListResponse.swift */,
			);
			path = Response;
			sourceTree = "<group>";
		};
		4A86F33D21BD9008003B6CC2 /* Interactor */ = {
			isa = PBXGroup;
			children = (
				4A86F34121BD94E3003B6CC2 /* ForkListInteractor.swift */,
			);
			path = Interactor;
			sourceTree = "<group>";
		};
		4A86F33E21BD93EC003B6CC2 /* Protocol */ = {
			isa = PBXGroup;
			children = (
				4A86F33F21BD9494003B6CC2 /* ForkListProtocol.swift */,
			);
			path = Protocol;
			sourceTree = "<group>";
		};
		4A86F34621BE3AD4003B6CC2 /* Core */ = {
			isa = PBXGroup;
			children = (
				4A86F31221BCF4BD003B6CC2 /* Protocols */,
				4AC16BF421BC09130012B89B /* View */,
				4A86F30F21BCF48F003B6CC2 /* Interactor */,
				4A86F31021BCF4A2003B6CC2 /* Presenter */,
				4A86F2F321BC4C2D003B6CC2 /* Entiity */,
			);
			path = Core;
			sourceTree = "<group>";
		};
		4A86F34721BE3B26003B6CC2 /* Builder */ = {
			isa = PBXGroup;
			children = (
				4A86F34821BE3B3D003B6CC2 /* RepoListBuilder.swift */,
			);
			path = Builder;
			sourceTree = "<group>";
		};
		4A86F34A21BE45F5003B6CC2 /* Core */ = {
			isa = PBXGroup;
			children = (
				4A86F33E21BD93EC003B6CC2 /* Protocol */,
				4AC16C0821BC245F0012B89B /* View */,
				4A86F33D21BD9008003B6CC2 /* Interactor */,
				4A86F32721BD82DC003B6CC2 /* Presenter */,
			);
			path = Core;
			sourceTree = "<group>";
		};
		4A86F34B21BE4618003B6CC2 /* Builder */ = {
			isa = PBXGroup;
			children = (
				4A86F34C21BE462D003B6CC2 /* ForksListBuilder.swift */,
			);
			path = Builder;
			sourceTree = "<group>";
		};
		4A86F36421BE8617003B6CC2 /* LoginEndpointProvider */ = {
			isa = PBXGroup;
			children = (
				4A86F36721BE864A003B6CC2 /* Request */,
				4A86F36621BE8633003B6CC2 /* EndpointProvider */,
				4A86F36521BE862A003B6CC2 /* Response */,
			);
			path = LoginEndpointProvider;
			sourceTree = "<group>";
		};
		4A86F36521BE862A003B6CC2 /* Response */ = {
			isa = PBXGroup;
			children = (
			);
			path = Response;
			sourceTree = "<group>";
		};
		4A86F36621BE8633003B6CC2 /* EndpointProvider */ = {
			isa = PBXGroup;
			children = (
				4A86F36821BE866C003B6CC2 /* LoginEnpointProvider.swift */,
			);
			path = EndpointProvider;
			sourceTree = "<group>";
		};
		4A86F36721BE864A003B6CC2 /* Request */ = {
			isa = PBXGroup;
			children = (
				4A86F36A21BE867B003B6CC2 /* LoginRequest.swift */,
			);
			path = Request;
			sourceTree = "<group>";
		};
		4A86F36C21BE8979003B6CC2 /* LoginServices */ = {
			isa = PBXGroup;
			children = (
				4A86F36E21BE89AB003B6CC2 /* Service */,
				4A86F36D21BE89A4003B6CC2 /* Contract */,
			);
			path = LoginServices;
			sourceTree = "<group>";
		};
		4A86F36D21BE89A4003B6CC2 /* Contract */ = {
			isa = PBXGroup;
			children = (
				4A86F36F21BE89C0003B6CC2 /* LoginServices.swift */,
			);
			path = Contract;
			sourceTree = "<group>";
		};
		4A86F36E21BE89AB003B6CC2 /* Service */ = {
			isa = PBXGroup;
			children = (
				4A86F37121BE8A76003B6CC2 /* LoginServiceImp.swift */,
			);
			path = Service;
			sourceTree = "<group>";
		};
		4A86F37521BEB72A003B6CC2 /* Mocks */ = {
			isa = PBXGroup;
			children = (
				4A86F38B21BEC7CE003B6CC2 /* Services */,
				4A86F37921BEBAF7003B6CC2 /* Modules */,
				4A86F37621BEB823003B6CC2 /* NetworkMangers */,
			);
			path = Mocks;
			sourceTree = "<group>";
		};
		4A86F37621BEB823003B6CC2 /* NetworkMangers */ = {
			isa = PBXGroup;
			children = (
				4A86F37721BEB85E003B6CC2 /* MockNetworkManager.swift */,
			);
			path = NetworkMangers;
			sourceTree = "<group>";
		};
		4A86F37921BEBAF7003B6CC2 /* Modules */ = {
			isa = PBXGroup;
			children = (
				4A86F3A121BED88F003B6CC2 /* RepoList */,
				4A86F39321BECE78003B6CC2 /* ForkList */,
				4A86F37A21BEBB47003B6CC2 /* Login */,
			);
			path = Modules;
			sourceTree = "<group>";
		};
		4A86F37A21BEBB47003B6CC2 /* Login */ = {
			isa = PBXGroup;
			children = (
				4A86F37B21BEBB65003B6CC2 /* MockLoginView.swift */,
				4A86F37D21BEBD12003B6CC2 /* MockLoginPresenter.swift */,
				4A86F37F21BEBDA9003B6CC2 /* MockLoginInteractor.swift */,
				4A86F38121BEBE19003B6CC2 /* MockLoginViewRouter.swift */,
			);
			path = Login;
			sourceTree = "<group>";
		};
		4A86F38321BEBEE8003B6CC2 /* Tests */ = {
			isa = PBXGroup;
			children = (
				4A86F3A021BED87F003B6CC2 /* RepoList */,
				4A86F38E21BECA79003B6CC2 /* ForkList */,
				4A86F38421BEBEF2003B6CC2 /* Login */,
			);
			path = Tests;
			sourceTree = "<group>";
		};
		4A86F38421BEBEF2003B6CC2 /* Login */ = {
			isa = PBXGroup;
			children = (
				4A86F38721BEBF39003B6CC2 /* LoginViewPresenterTests.swift */,
				4A86F38921BEC6CB003B6CC2 /* LoginViewInteractorTests.swift */,
			);
			path = Login;
			sourceTree = "<group>";
		};
		4A86F38B21BEC7CE003B6CC2 /* Services */ = {
			isa = PBXGroup;
			children = (
				4A86F38C21BEC7EC003B6CC2 /* MockLoginServices.swift */,
				4A86F38F21BECB5E003B6CC2 /* MockForkListServices.swift */,
				4A86F39121BECD37003B6CC2 /* MockRepoListServices.swift */,
			);
			path = Services;
			sourceTree = "<group>";
		};
		4A86F38E21BECA79003B6CC2 /* ForkList */ = {
			isa = PBXGroup;
			children = (
				4A86F39C21BED465003B6CC2 /* ForkListPresenterTests.swift */,
				4A86F39E21BED6E4003B6CC2 /* ForkListInteractorTests.swift */,
			);
			path = ForkList;
			sourceTree = "<group>";
		};
		4A86F39321BECE78003B6CC2 /* ForkList */ = {
			isa = PBXGroup;
			children = (
				4A86F39421BECE95003B6CC2 /* MockForkListPresenter.swift */,
				4A86F39621BECFB6003B6CC2 /* MockForkListView.swift */,
				4A86F39821BED386003B6CC2 /* MockForkListInteractor.swift */,
				4A86F39A21BED3FC003B6CC2 /* MockForkListRouter.swift */,
			);
			path = ForkList;
			sourceTree = "<group>";
		};
		4A86F3A021BED87F003B6CC2 /* RepoList */ = {
			isa = PBXGroup;
			children = (
				4A86F3AA21BEDC49003B6CC2 /* RepoListPresenterTests.swift */,
				4A86F3AC21BEE34A003B6CC2 /* RepoListInteractorTests.swift */,
			);
			path = RepoList;
			sourceTree = "<group>";
		};
		4A86F3A121BED88F003B6CC2 /* RepoList */ = {
			isa = PBXGroup;
			children = (
				4A86F3A221BED8AB003B6CC2 /* MockRepoListView.swift */,
				4A86F3A421BED9F8003B6CC2 /* MockRepoListInteractor.swift */,
				4A86F3A621BEDAB7003B6CC2 /* MockRepoListRouter.swift */,
				4A86F3A821BEDB57003B6CC2 /* MockRepoListPresenter.swift */,
			);
			path = RepoList;
			sourceTree = "<group>";
		};
		4AC16B4F21BB8A360012B89B = {
			isa = PBXGroup;
			children = (
				4AC16B5A21BB8A360012B89B /* Repository Finder */,
				4AC16B6F21BB8A390012B89B /* Repository FinderTests */,
				4AC16B5921BB8A360012B89B /* Products */,
				99045C1F132FF1D0292118DF /* Pods */,
				194A13F447AB8CC45ADE2633 /* Frameworks */,
			);
			sourceTree = "<group>";
		};
		4AC16B5921BB8A360012B89B /* Products */ = {
			isa = PBXGroup;
			children = (
				4AC16B5821BB8A360012B89B /* Repository Finder.app */,
				4AC16B6C21BB8A390012B89B /* Repository FinderTests.xctest */,
			);
			name = Products;
			sourceTree = "<group>";
		};
		4AC16B5A21BB8A360012B89B /* Repository Finder */ = {
			isa = PBXGroup;
			children = (
				035AE92524B0D0BF007E5775 /* AppStartup */,
				035AE92624B0D0CD007E5775 /* Common */,
				035AE92724B0D0DC007E5775 /* Features */,
				035AE92824B0D0E3007E5775 /* Resources */,
			);
			path = "Repository Finder";
			sourceTree = "<group>";
		};
		4AC16B6F21BB8A390012B89B /* Repository FinderTests */ = {
			isa = PBXGroup;
			children = (
				4A86F38321BEBEE8003B6CC2 /* Tests */,
				4A86F37521BEB72A003B6CC2 /* Mocks */,
				4AC16B7221BB8A390012B89B /* Info.plist */,
			);
			path = "Repository FinderTests";
			sourceTree = "<group>";
		};
		4AC16B7D21BB8D330012B89B /* Shared Resource */ = {
			isa = PBXGroup;
			children = (
				4AC16B7E21BB8D5B0012B89B /* Constants.swift */,
				4AC16C0221BC1A950012B89B /* Utils.swift */,
			);
			path = "Shared Resource";
			sourceTree = "<group>";
		};
		4AC16B8321BB8DFD0012B89B /* Networking */ = {
			isa = PBXGroup;
			children = (
				4AC16BAB21BB9A370012B89B /* EndpointProvider */,
				4AC16BA621BB998E0012B89B /* Extensions */,
				4AC16B9C21BB91690012B89B /* Manager */,
				4AC16B8D21BB8ECA0012B89B /* Models */,
				4AC16B8421BB8E1B0012B89B /* Contracts */,
			);
			path = Networking;
			sourceTree = "<group>";
		};
		4AC16B8421BB8E1B0012B89B /* Contracts */ = {
			isa = PBXGroup;
			children = (
				4AC16B8521BB8E3A0012B89B /* DTO.swift */,
				4AC16B8721BB8E5F0012B89B /* EmptyDTO.swift */,
				4AC16B8921BB8E7B0012B89B /* EndpointProvider.swift */,
				4AC16B8B21BB8EAD0012B89B /* NetworkManager.swift */,
			);
			path = Contracts;
			sourceTree = "<group>";
		};
		4AC16B8D21BB8ECA0012B89B /* Models */ = {
			isa = PBXGroup;
			children = (
				4AC16B8E21BB8EE80012B89B /* API.swift */,
				4AC16B9021BB8F140012B89B /* BaseURL.swift */,
				4AC16B9221BB8F5E0012B89B /* Result.swift */,
				4AC16B9421BB8F7B0012B89B /* NetworkError.swift */,
				4AC16B9621BB8FAB0012B89B /* RequestError.swift */,
				4AC16B9821BB8FD40012B89B /* NetworkResult.swift */,
				4AC16B9A21BB90040012B89B /* Endpoint.swift */,
				4AC16BA421BB97880012B89B /* HTTPMethods.swift */,
			);
			path = Models;
			sourceTree = "<group>";
		};
		4AC16B9C21BB91690012B89B /* Manager */ = {
			isa = PBXGroup;
			children = (
				4AC16B9D21BB91790012B89B /* AlamofireManager.swift */,
			);
			path = Manager;
			sourceTree = "<group>";
		};
		4AC16BA121BB97410012B89B /* Extensions */ = {
			isa = PBXGroup;
			children = (
				035AE92324B0CC9A007E5775 /* Storyboard+Extensions.swift */,
				035AE92924B0D28E007E5775 /* UIColor+Extensions.swift */,
				035AE92B24B0D2B1007E5775 /* UIView+Extensions.swift */,
				035AE92D24B0D2E8007E5775 /* UINavigationViewController+Extensions.swift */,
				035AE92F24B0D320007E5775 /* UITableView+Extensions.swift */,
				035AE93124B0D376007E5775 /* Encodable+Extensions.swift */,
				035AE93324B0D398007E5775 /* UITextField+Extensions.swift */,
				035AE93524B0D3B6007E5775 /* UIImageView+Extensions.swift */,
				035AE93724B0D3F2007E5775 /* UIViewController+Extensions.swift */,
				035AE93924B0D4D8007E5775 /* Int+Extensions.swift */,
				035AE93B24B0D516007E5775 /* Double+Extensions.swift */,
				035AE93D24B0D52F007E5775 /* String+Extensions.swift */,
			);
			path = Extensions;
			sourceTree = "<group>";
		};
		4AC16BA621BB998E0012B89B /* Extensions */ = {
			isa = PBXGroup;
			children = (
				4AC16BA721BB99A30012B89B /* API+RepositoryFinder.swift */,
				4AC16BA921BB99F80012B89B /* BaseURL+RepositoryFinder.swift */,
			);
			path = Extensions;
			sourceTree = "<group>";
		};
		4AC16BAB21BB9A370012B89B /* EndpointProvider */ = {
			isa = PBXGroup;
			children = (
				4A86F36421BE8617003B6CC2 /* LoginEndpointProvider */,
				4A86F32C21BD8543003B6CC2 /* ForkListEndpointProvider */,
				4A86F2F821BC51EA003B6CC2 /* RepoListEndpointProvider */,
			);
			path = EndpointProvider;
			sourceTree = "<group>";
		};
		4AC16BF321BC08E80012B89B /* RepoList */ = {
			isa = PBXGroup;
			children = (
				4A86F34721BE3B26003B6CC2 /* Builder */,
				4A86F34621BE3AD4003B6CC2 /* Core */,
				4A86F31121BCF4B0003B6CC2 /* Router */,
			);
			path = RepoList;
			sourceTree = "<group>";
		};
		4AC16BF421BC09130012B89B /* View */ = {
			isa = PBXGroup;
			children = (
				4AC16BF621BC09210012B89B /* Views */,
				4AC16BF521BC09190012B89B /* ViewControllers */,
			);
			path = View;
			sourceTree = "<group>";
		};
		4AC16BF521BC09190012B89B /* ViewControllers */ = {
			isa = PBXGroup;
			children = (
				4AC16B5D21BB8A360012B89B /* RepoListViewController.swift */,
			);
			path = ViewControllers;
			sourceTree = "<group>";
		};
		4AC16BF621BC09210012B89B /* Views */ = {
			isa = PBXGroup;
			children = (
				4AC16C0421BC1FB90012B89B /* RepoListView */,
			);
			path = Views;
			sourceTree = "<group>";
		};
		4AC16BFB21BC10500012B89B /* UI */ = {
			isa = PBXGroup;
			children = (
				032AC60724B0E55400FACEAD /* NothingFoundView */,
				032AC60624B0E54000FACEAD /* ShowmoreCell */,
				032AC60524B0E53200FACEAD /* SearchView */,
			);
			path = UI;
			sourceTree = "<group>";
		};
		4AC16C0421BC1FB90012B89B /* RepoListView */ = {
			isa = PBXGroup;
			children = (
				4AC16BFE21BC11C40012B89B /* RepoListTableViewCell.swift */,
				4AC16BFF21BC11C40012B89B /* RepoListTableViewCell.xib */,
			);
			path = RepoListView;
			sourceTree = "<group>";
		};
		4AC16C0521BC24020012B89B /* Services */ = {
			isa = PBXGroup;
			children = (
				4A86F30B21BC5FDE003B6CC2 /* ServicesResult.swift */,
				4A86F36C21BE8979003B6CC2 /* LoginServices */,
				4A86F33521BD8887003B6CC2 /* ForkListServices */,
				4A86F30621BC5E60003B6CC2 /* RepoListServices */,
			);
			path = Services;
			sourceTree = "<group>";
		};
		4AC16C0721BC24430012B89B /* ForksList */ = {
			isa = PBXGroup;
			children = (
				4A86F34B21BE4618003B6CC2 /* Builder */,
				4A86F34A21BE45F5003B6CC2 /* Core */,
				4A86F32421BD7E4F003B6CC2 /* Router */,
			);
			path = ForksList;
			sourceTree = "<group>";
		};
		4AC16C0821BC245F0012B89B /* View */ = {
			isa = PBXGroup;
			children = (
				4AC16C0F21BC2B260012B89B /* Views */,
				4AC16C0E21BC2B1C0012B89B /* ViewControllers */,
			);
			path = View;
			sourceTree = "<group>";
		};
		4AC16C0E21BC2B1C0012B89B /* ViewControllers */ = {
			isa = PBXGroup;
			children = (
				4AC16C1021BC2B4D0012B89B /* ForkListViewController.swift */,
			);
			path = ViewControllers;
			sourceTree = "<group>";
		};
		4AC16C0F21BC2B260012B89B /* Views */ = {
			isa = PBXGroup;
			children = (
				4AC16C1221BC2BE10012B89B /* ForkListTableViewCell.swift */,
				4AC16C1321BC2BE10012B89B /* ForkListTableViewCell.xib */,
			);
			path = Views;
			sourceTree = "<group>";
		};
		99045C1F132FF1D0292118DF /* Pods */ = {
			isa = PBXGroup;
			children = (
				84BACBDA5A798EA8C6100348 /* Pods-Repository Finder.debug.xcconfig */,
				0757DF11F998307046B1B9B9 /* Pods-Repository Finder.release.xcconfig */,
			);
			name = Pods;
			sourceTree = "<group>";
		};
/* End PBXGroup section */

/* Begin PBXNativeTarget section */
		4AC16B5721BB8A360012B89B /* Repository Finder */ = {
			isa = PBXNativeTarget;
			buildConfigurationList = 4AC16B7521BB8A390012B89B /* Build configuration list for PBXNativeTarget "Repository Finder" */;
			buildPhases = (
				95BF21C00E1CCF5955FE5470 /* [CP] Check Pods Manifest.lock */,
				4AC16B5421BB8A360012B89B /* Sources */,
				4AC16B5521BB8A360012B89B /* Frameworks */,
				4AC16B5621BB8A360012B89B /* Resources */,
				338092ABC8BAB57FA19C6039 /* [CP] Embed Pods Frameworks */,
			);
			buildRules = (
			);
			dependencies = (
			);
			name = "Repository Finder";
			productName = "Repository Finder";
			productReference = 4AC16B5821BB8A360012B89B /* Repository Finder.app */;
			productType = "com.apple.product-type.application";
		};
		4AC16B6B21BB8A390012B89B /* Repository FinderTests */ = {
			isa = PBXNativeTarget;
			buildConfigurationList = 4AC16B7821BB8A390012B89B /* Build configuration list for PBXNativeTarget "Repository FinderTests" */;
			buildPhases = (
				4AC16B6821BB8A390012B89B /* Sources */,
				4AC16B6921BB8A390012B89B /* Frameworks */,
				4AC16B6A21BB8A390012B89B /* Resources */,
			);
			buildRules = (
			);
			dependencies = (
				4AC16B6E21BB8A390012B89B /* PBXTargetDependency */,
			);
			name = "Repository FinderTests";
			productName = "Repository FinderTests";
			productReference = 4AC16B6C21BB8A390012B89B /* Repository FinderTests.xctest */;
			productType = "com.apple.product-type.bundle.unit-test";
		};
/* End PBXNativeTarget section */

/* Begin PBXProject section */
		4AC16B5021BB8A360012B89B /* Project object */ = {
			isa = PBXProject;
			attributes = {
				LastSwiftUpdateCheck = 0940;
				LastUpgradeCheck = 0940;
				ORGANIZATIONNAME = "Osama Bin Bashir";
				TargetAttributes = {
					4AC16B5721BB8A360012B89B = {
						CreatedOnToolsVersion = 9.4;
					};
					4AC16B6B21BB8A390012B89B = {
						CreatedOnToolsVersion = 9.4;
						TestTargetID = 4AC16B5721BB8A360012B89B;
					};
				};
			};
			buildConfigurationList = 4AC16B5321BB8A360012B89B /* Build configuration list for PBXProject "Repository Finder" */;
			compatibilityVersion = "Xcode 9.3";
			developmentRegion = en;
			hasScannedForEncodings = 0;
			knownRegions = (
				en,
				Base,
			);
			mainGroup = 4AC16B4F21BB8A360012B89B;
			productRefGroup = 4AC16B5921BB8A360012B89B /* Products */;
			projectDirPath = "";
			projectRoot = "";
			targets = (
				4AC16B5721BB8A360012B89B /* Repository Finder */,
				4AC16B6B21BB8A390012B89B /* Repository FinderTests */,
			);
		};
/* End PBXProject section */

/* Begin PBXResourcesBuildPhase section */
		4AC16B5621BB8A360012B89B /* Resources */ = {
			isa = PBXResourcesBuildPhase;
			buildActionMask = 2147483647;
			files = (
				4AC16BF821BC09CA0012B89B /* SearchView.xib in Resources */,
				4AC16C1921BC37510012B89B /* NothingFoundView.xib in Resources */,
				4AC16C0C21BC24E60012B89B /* ShowMoreTableViewCell.xib in Resources */,
				4AC16C0121BC11C40012B89B /* RepoListTableViewCell.xib in Resources */,
				4AC16B6621BB8A390012B89B /* LaunchScreen.storyboard in Resources */,
				4AC16C1521BC2BE10012B89B /* ForkListTableViewCell.xib in Resources */,
				4AC16B6321BB8A390012B89B /* Assets.xcassets in Resources */,
				4AC16B6121BB8A360012B89B /* Main.storyboard in Resources */,
			);
			runOnlyForDeploymentPostprocessing = 0;
		};
		4AC16B6A21BB8A390012B89B /* Resources */ = {
			isa = PBXResourcesBuildPhase;
			buildActionMask = 2147483647;
			files = (
			);
			runOnlyForDeploymentPostprocessing = 0;
		};
/* End PBXResourcesBuildPhase section */

/* Begin PBXShellScriptBuildPhase section */
		338092ABC8BAB57FA19C6039 /* [CP] Embed Pods Frameworks */ = {
			isa = PBXShellScriptBuildPhase;
			buildActionMask = 2147483647;
			files = (
			);
			inputFileListPaths = (
				"${PODS_ROOT}/Target Support Files/Pods-Repository Finder/Pods-Repository Finder-frameworks-${CONFIGURATION}-input-files.xcfilelist",
			);
			name = "[CP] Embed Pods Frameworks";
			outputFileListPaths = (
				"${PODS_ROOT}/Target Support Files/Pods-Repository Finder/Pods-Repository Finder-frameworks-${CONFIGURATION}-output-files.xcfilelist",
			);
			runOnlyForDeploymentPostprocessing = 0;
			shellPath = /bin/sh;
			shellScript = "\"${PODS_ROOT}/Target Support Files/Pods-Repository Finder/Pods-Repository Finder-frameworks.sh\"\n";
			showEnvVarsInLog = 0;
		};
		95BF21C00E1CCF5955FE5470 /* [CP] Check Pods Manifest.lock */ = {
			isa = PBXShellScriptBuildPhase;
			buildActionMask = 2147483647;
			files = (
			);
			inputPaths = (
				"${PODS_PODFILE_DIR_PATH}/Podfile.lock",
				"${PODS_ROOT}/Manifest.lock",
			);
			name = "[CP] Check Pods Manifest.lock";
			outputPaths = (
				"$(DERIVED_FILE_DIR)/Pods-Repository Finder-checkManifestLockResult.txt",
			);
			runOnlyForDeploymentPostprocessing = 0;
			shellPath = /bin/sh;
			shellScript = "diff \"${PODS_PODFILE_DIR_PATH}/Podfile.lock\" \"${PODS_ROOT}/Manifest.lock\" > /dev/null\nif [ $? != 0 ] ; then\n    # print error to STDERR\n    echo \"error: The sandbox is not in sync with the Podfile.lock. Run 'pod install' or update your CocoaPods installation.\" >&2\n    exit 1\nfi\n# This output is used by Xcode 'outputs' to avoid re-running this script phase.\necho \"SUCCESS\" > \"${SCRIPT_OUTPUT_FILE_0}\"\n";
			showEnvVarsInLog = 0;
		};
/* End PBXShellScriptBuildPhase section */

/* Begin PBXSourcesBuildPhase section */
		4AC16B5421BB8A360012B89B /* Sources */ = {
			isa = PBXSourcesBuildPhase;
			buildActionMask = 2147483647;
			files = (
				4A86F31621BCFE1A003B6CC2 /* RepoListPresenter.swift in Sources */,
				4A86F34D21BE462D003B6CC2 /* ForksListBuilder.swift in Sources */,
				4A86F2FC21BC5239003B6CC2 /* RepoListSearchRequest.swift in Sources */,
				4A86F33921BD8946003B6CC2 /* ForkListServicesImp.swift in Sources */,
				4AC16B5E21BB8A360012B89B /* RepoListViewController.swift in Sources */,
				4AC16B8821BB8E5F0012B89B /* EmptyDTO.swift in Sources */,
				4AC16B9121BB8F140012B89B /* BaseURL.swift in Sources */,
				035AE93624B0D3B6007E5775 /* UIImageView+Extensions.swift in Sources */,
				035AE93E24B0D52F007E5775 /* String+Extensions.swift in Sources */,
				4A86F31A21BD19E2003B6CC2 /* RepoListUserRequest.swift in Sources */,
				4AC16C1121BC2B4D0012B89B /* ForkListViewController.swift in Sources */,
				4AC16C1721BC37350012B89B /* NothingFoundView.swift in Sources */,
				4A86F36921BE866C003B6CC2 /* LoginEnpointProvider.swift in Sources */,
				035AE93224B0D376007E5775 /* Encodable+Extensions.swift in Sources */,
				4AC16BAA21BB99F80012B89B /* BaseURL+RepositoryFinder.swift in Sources */,
				035AE93024B0D320007E5775 /* UITableView+Extensions.swift in Sources */,
				4A86F32321BD682D003B6CC2 /* RepoListRouter.swift in Sources */,
				035AE92A24B0D28E007E5775 /* UIColor+Extensions.swift in Sources */,
				4A86F36B21BE867B003B6CC2 /* LoginRequest.swift in Sources */,
				4A86F31821BD1316003B6CC2 /* RepoListInteractor.swift in Sources */,
				4A86F34021BD9494003B6CC2 /* ForkListProtocol.swift in Sources */,
				4A86F2F521BC4EA3003B6CC2 /* Repository.swift in Sources */,
				4AC16BA821BB99A30012B89B /* API+RepositoryFinder.swift in Sources */,
				4AC16B9B21BB90040012B89B /* Endpoint.swift in Sources */,
				4A86F30E21BC601D003B6CC2 /* RepoListServiceImp.swift in Sources */,
				4A86F32B21BD83F9003B6CC2 /* ForkListDTO.swift in Sources */,
				4AC16BA521BB97880012B89B /* HTTPMethods.swift in Sources */,
				035AE92424B0CC9A007E5775 /* Storyboard+Extensions.swift in Sources */,
				4A86F33221BD86A7003B6CC2 /* ForkListEndpointProvider.swift in Sources */,
				4A86F33421BD8880003B6CC2 /* ForkListServices.swift in Sources */,
				4AC16B8A21BB8E7B0012B89B /* EndpointProvider.swift in Sources */,
				035AE93C24B0D516007E5775 /* Double+Extensions.swift in Sources */,
				4A86F37021BE89C0003B6CC2 /* LoginServices.swift in Sources */,
				4A86F2F721BC5197003B6CC2 /* Owner.swift in Sources */,
				035AE92E24B0D2E8007E5775 /* UINavigationViewController+Extensions.swift in Sources */,
				4AC16BFA21BC0A480012B89B /* SearchView.swift in Sources */,
				035AE93824B0D3F2007E5775 /* UIViewController+Extensions.swift in Sources */,
				4A86F33C21BD8DC9003B6CC2 /* ForkListResponse.swift in Sources */,
				4AC16B8C21BB8EAD0012B89B /* NetworkManager.swift in Sources */,
				035AE93A24B0D4D8007E5775 /* Int+Extensions.swift in Sources */,
				4A86F31F21BD252A003B6CC2 /* RepoListDTO.swift in Sources */,
				035AE92C24B0D2B1007E5775 /* UIView+Extensions.swift in Sources */,
				4AC16B5C21BB8A360012B89B /* AppDelegate.swift in Sources */,
				4A86F31C21BD1A21003B6CC2 /* RepoListUserEndProvider.swift in Sources */,
				4AC16B7F21BB8D5B0012B89B /* Constants.swift in Sources */,
				4A86F34421BD9C6D003B6CC2 /* ForkListPresenter.swift in Sources */,
				4AC16B8F21BB8EE80012B89B /* API.swift in Sources */,
				4A86F30521BC59B0003B6CC2 /* RepoListResponse.swift in Sources */,
				4A86F30C21BC5FDE003B6CC2 /* ServicesResult.swift in Sources */,
				4AC16B9721BB8FAB0012B89B /* RequestError.swift in Sources */,
				4A86F32F21BD8605003B6CC2 /* ForkListRequest.swift in Sources */,
				4AC16B9521BB8F7B0012B89B /* NetworkError.swift in Sources */,
				4AC16C1421BC2BE10012B89B /* ForkListTableViewCell.swift in Sources */,
				4A86F30221BC5393003B6CC2 /* RepoListSearchEndpointProvider.swift in Sources */,
				4A86F31421BCF4D9003B6CC2 /* RepoListViperProtocols.swift in Sources */,
				4A86F37221BE8A76003B6CC2 /* LoginServiceImp.swift in Sources */,
				4A86F32621BD7E6A003B6CC2 /* ForkListRouter.swift in Sources */,
				4A86F34921BE3B3D003B6CC2 /* RepoListBuilder.swift in Sources */,
				4AC16B9E21BB91790012B89B /* AlamofireManager.swift in Sources */,
				4AC16B8621BB8E3A0012B89B /* DTO.swift in Sources */,
				4A86F32121BD2A9C003B6CC2 /* RepoListType.swift in Sources */,
				4AC16C0021BC11C40012B89B /* RepoListTableViewCell.swift in Sources */,
				035AE93424B0D398007E5775 /* UITextField+Extensions.swift in Sources */,
				4AC16C0B21BC24E60012B89B /* ShowMoreTableViewCell.swift in Sources */,
				4AC16B9321BB8F5E0012B89B /* Result.swift in Sources */,
				4A86F30A21BC5E89003B6CC2 /* RepoListServices.swift in Sources */,
				4A86F37421BE95BF003B6CC2 /* LoginDTO.swift in Sources */,
				4A86F34221BD94E3003B6CC2 /* ForkListInteractor.swift in Sources */,
				4AC16B9921BB8FD40012B89B /* NetworkResult.swift in Sources */,
				4AC16C0321BC1A950012B89B /* Utils.swift in Sources */,
				0336E13B24B243DF009FC15B /* AppStartup.swift in Sources */,
			);
			runOnlyForDeploymentPostprocessing = 0;
		};
		4AC16B6821BB8A390012B89B /* Sources */ = {
			isa = PBXSourcesBuildPhase;
			buildActionMask = 2147483647;
			files = (
				4A86F37C21BEBB65003B6CC2 /* MockLoginView.swift in Sources */,
				4A86F39221BECD37003B6CC2 /* MockRepoListServices.swift in Sources */,
				4A86F3AB21BEDC49003B6CC2 /* RepoListPresenterTests.swift in Sources */,
				4A86F39F21BED6E4003B6CC2 /* ForkListInteractorTests.swift in Sources */,
				4A86F39521BECE95003B6CC2 /* MockForkListPresenter.swift in Sources */,
				4A86F3AD21BEE34A003B6CC2 /* RepoListInteractorTests.swift in Sources */,
				4A86F3A921BEDB57003B6CC2 /* MockRepoListPresenter.swift in Sources */,
				4A86F3A321BED8AB003B6CC2 /* MockRepoListView.swift in Sources */,
				4A86F38221BEBE19003B6CC2 /* MockLoginViewRouter.swift in Sources */,
				4A86F38821BEBF39003B6CC2 /* LoginViewPresenterTests.swift in Sources */,
				4A86F39721BECFB6003B6CC2 /* MockForkListView.swift in Sources */,
				4A86F39021BECB5E003B6CC2 /* MockForkListServices.swift in Sources */,
				4A86F38A21BEC6CB003B6CC2 /* LoginViewInteractorTests.swift in Sources */,
				4A86F39D21BED465003B6CC2 /* ForkListPresenterTests.swift in Sources */,
				4A86F39921BED386003B6CC2 /* MockForkListInteractor.swift in Sources */,
				4A86F3A721BEDAB7003B6CC2 /* MockRepoListRouter.swift in Sources */,
				4A86F38021BEBDA9003B6CC2 /* MockLoginInteractor.swift in Sources */,
				4A86F38D21BEC7EC003B6CC2 /* MockLoginServices.swift in Sources */,
				4A86F3A521BED9F8003B6CC2 /* MockRepoListInteractor.swift in Sources */,
				4A86F37E21BEBD12003B6CC2 /* MockLoginPresenter.swift in Sources */,
				4A86F39B21BED3FC003B6CC2 /* MockForkListRouter.swift in Sources */,
				4A86F37821BEB85E003B6CC2 /* MockNetworkManager.swift in Sources */,
			);
			runOnlyForDeploymentPostprocessing = 0;
		};
/* End PBXSourcesBuildPhase section */

/* Begin PBXTargetDependency section */
		4AC16B6E21BB8A390012B89B /* PBXTargetDependency */ = {
			isa = PBXTargetDependency;
			target = 4AC16B5721BB8A360012B89B /* Repository Finder */;
			targetProxy = 4AC16B6D21BB8A390012B89B /* PBXContainerItemProxy */;
		};
/* End PBXTargetDependency section */

/* Begin PBXVariantGroup section */
		4AC16B5F21BB8A360012B89B /* Main.storyboard */ = {
			isa = PBXVariantGroup;
			children = (
				4AC16B6021BB8A360012B89B /* Base */,
			);
			name = Main.storyboard;
			sourceTree = "<group>";
		};
		4AC16B6421BB8A390012B89B /* LaunchScreen.storyboard */ = {
			isa = PBXVariantGroup;
			children = (
				4AC16B6521BB8A390012B89B /* Base */,
			);
			name = LaunchScreen.storyboard;
			sourceTree = "<group>";
		};
/* End PBXVariantGroup section */

/* Begin XCBuildConfiguration section */
		4AC16B7321BB8A390012B89B /* Debug */ = {
			isa = XCBuildConfiguration;
			buildSettings = {
				ALWAYS_SEARCH_USER_PATHS = NO;
				CLANG_ANALYZER_NONNULL = YES;
				CLANG_ANALYZER_NUMBER_OBJECT_CONVERSION = YES_AGGRESSIVE;
				CLANG_CXX_LANGUAGE_STANDARD = "gnu++14";
				CLANG_CXX_LIBRARY = "libc++";
				CLANG_ENABLE_MODULES = YES;
				CLANG_ENABLE_OBJC_ARC = YES;
				CLANG_ENABLE_OBJC_WEAK = YES;
				CLANG_WARN_BLOCK_CAPTURE_AUTORELEASING = YES;
				CLANG_WARN_BOOL_CONVERSION = YES;
				CLANG_WARN_COMMA = YES;
				CLANG_WARN_CONSTANT_CONVERSION = YES;
				CLANG_WARN_DEPRECATED_OBJC_IMPLEMENTATIONS = YES;
				CLANG_WARN_DIRECT_OBJC_ISA_USAGE = YES_ERROR;
				CLANG_WARN_DOCUMENTATION_COMMENTS = YES;
				CLANG_WARN_EMPTY_BODY = YES;
				CLANG_WARN_ENUM_CONVERSION = YES;
				CLANG_WARN_INFINITE_RECURSION = YES;
				CLANG_WARN_INT_CONVERSION = YES;
				CLANG_WARN_NON_LITERAL_NULL_CONVERSION = YES;
				CLANG_WARN_OBJC_IMPLICIT_RETAIN_SELF = YES;
				CLANG_WARN_OBJC_LITERAL_CONVERSION = YES;
				CLANG_WARN_OBJC_ROOT_CLASS = YES_ERROR;
				CLANG_WARN_RANGE_LOOP_ANALYSIS = YES;
				CLANG_WARN_STRICT_PROTOTYPES = YES;
				CLANG_WARN_SUSPICIOUS_MOVE = YES;
				CLANG_WARN_UNGUARDED_AVAILABILITY = YES_AGGRESSIVE;
				CLANG_WARN_UNREACHABLE_CODE = YES;
				CLANG_WARN__DUPLICATE_METHOD_MATCH = YES;
				CODE_SIGN_IDENTITY = "iPhone Developer";
				COPY_PHASE_STRIP = NO;
				DEBUG_INFORMATION_FORMAT = dwarf;
				ENABLE_STRICT_OBJC_MSGSEND = YES;
				ENABLE_TESTABILITY = YES;
				GCC_C_LANGUAGE_STANDARD = gnu11;
				GCC_DYNAMIC_NO_PIC = NO;
				GCC_NO_COMMON_BLOCKS = YES;
				GCC_OPTIMIZATION_LEVEL = 0;
				GCC_PREPROCESSOR_DEFINITIONS = (
					"DEBUG=1",
					"$(inherited)",
				);
				GCC_WARN_64_TO_32_BIT_CONVERSION = YES;
				GCC_WARN_ABOUT_RETURN_TYPE = YES_ERROR;
				GCC_WARN_UNDECLARED_SELECTOR = YES;
				GCC_WARN_UNINITIALIZED_AUTOS = YES_AGGRESSIVE;
				GCC_WARN_UNUSED_FUNCTION = YES;
				GCC_WARN_UNUSED_VARIABLE = YES;
				IPHONEOS_DEPLOYMENT_TARGET = 11.4;
				MTL_ENABLE_DEBUG_INFO = YES;
				ONLY_ACTIVE_ARCH = YES;
				SDKROOT = iphoneos;
				SWIFT_ACTIVE_COMPILATION_CONDITIONS = DEBUG;
				SWIFT_OPTIMIZATION_LEVEL = "-Onone";
			};
			name = Debug;
		};
		4AC16B7421BB8A390012B89B /* Release */ = {
			isa = XCBuildConfiguration;
			buildSettings = {
				ALWAYS_SEARCH_USER_PATHS = NO;
				CLANG_ANALYZER_NONNULL = YES;
				CLANG_ANALYZER_NUMBER_OBJECT_CONVERSION = YES_AGGRESSIVE;
				CLANG_CXX_LANGUAGE_STANDARD = "gnu++14";
				CLANG_CXX_LIBRARY = "libc++";
				CLANG_ENABLE_MODULES = YES;
				CLANG_ENABLE_OBJC_ARC = YES;
				CLANG_ENABLE_OBJC_WEAK = YES;
				CLANG_WARN_BLOCK_CAPTURE_AUTORELEASING = YES;
				CLANG_WARN_BOOL_CONVERSION = YES;
				CLANG_WARN_COMMA = YES;
				CLANG_WARN_CONSTANT_CONVERSION = YES;
				CLANG_WARN_DEPRECATED_OBJC_IMPLEMENTATIONS = YES;
				CLANG_WARN_DIRECT_OBJC_ISA_USAGE = YES_ERROR;
				CLANG_WARN_DOCUMENTATION_COMMENTS = YES;
				CLANG_WARN_EMPTY_BODY = YES;
				CLANG_WARN_ENUM_CONVERSION = YES;
				CLANG_WARN_INFINITE_RECURSION = YES;
				CLANG_WARN_INT_CONVERSION = YES;
				CLANG_WARN_NON_LITERAL_NULL_CONVERSION = YES;
				CLANG_WARN_OBJC_IMPLICIT_RETAIN_SELF = YES;
				CLANG_WARN_OBJC_LITERAL_CONVERSION = YES;
				CLANG_WARN_OBJC_ROOT_CLASS = YES_ERROR;
				CLANG_WARN_RANGE_LOOP_ANALYSIS = YES;
				CLANG_WARN_STRICT_PROTOTYPES = YES;
				CLANG_WARN_SUSPICIOUS_MOVE = YES;
				CLANG_WARN_UNGUARDED_AVAILABILITY = YES_AGGRESSIVE;
				CLANG_WARN_UNREACHABLE_CODE = YES;
				CLANG_WARN__DUPLICATE_METHOD_MATCH = YES;
				CODE_SIGN_IDENTITY = "iPhone Developer";
				COPY_PHASE_STRIP = NO;
				DEBUG_INFORMATION_FORMAT = "dwarf-with-dsym";
				ENABLE_NS_ASSERTIONS = NO;
				ENABLE_STRICT_OBJC_MSGSEND = YES;
				GCC_C_LANGUAGE_STANDARD = gnu11;
				GCC_NO_COMMON_BLOCKS = YES;
				GCC_WARN_64_TO_32_BIT_CONVERSION = YES;
				GCC_WARN_ABOUT_RETURN_TYPE = YES_ERROR;
				GCC_WARN_UNDECLARED_SELECTOR = YES;
				GCC_WARN_UNINITIALIZED_AUTOS = YES_AGGRESSIVE;
				GCC_WARN_UNUSED_FUNCTION = YES;
				GCC_WARN_UNUSED_VARIABLE = YES;
				IPHONEOS_DEPLOYMENT_TARGET = 11.4;
				MTL_ENABLE_DEBUG_INFO = NO;
				SDKROOT = iphoneos;
				SWIFT_COMPILATION_MODE = wholemodule;
				SWIFT_OPTIMIZATION_LEVEL = "-O";
				VALIDATE_PRODUCT = YES;
			};
			name = Release;
		};
		4AC16B7621BB8A390012B89B /* Debug */ = {
			isa = XCBuildConfiguration;
			baseConfigurationReference = 84BACBDA5A798EA8C6100348 /* Pods-Repository Finder.debug.xcconfig */;
			buildSettings = {
				ASSETCATALOG_COMPILER_APPICON_NAME = AppIcon;
				CODE_SIGN_STYLE = Automatic;
				DEVELOPMENT_TEAM = "";
				INFOPLIST_FILE = "Repository Finder/AppStartup/Info.plist";
				IPHONEOS_DEPLOYMENT_TARGET = 10.0;
				LD_RUNPATH_SEARCH_PATHS = (
					"$(inherited)",
					"@executable_path/Frameworks",
				);
				PRODUCT_BUNDLE_IDENTIFIER = "com.Repository-Finder";
				PRODUCT_NAME = "$(TARGET_NAME)";
				SWIFT_VERSION = 4.0;
				TARGETED_DEVICE_FAMILY = "1,2";
			};
			name = Debug;
		};
		4AC16B7721BB8A390012B89B /* Release */ = {
			isa = XCBuildConfiguration;
			baseConfigurationReference = 0757DF11F998307046B1B9B9 /* Pods-Repository Finder.release.xcconfig */;
			buildSettings = {
				ASSETCATALOG_COMPILER_APPICON_NAME = AppIcon;
				CODE_SIGN_STYLE = Automatic;
				DEVELOPMENT_TEAM = "";
				INFOPLIST_FILE = "Repository Finder/AppStartup/Info.plist";
				IPHONEOS_DEPLOYMENT_TARGET = 10.0;
				LD_RUNPATH_SEARCH_PATHS = (
					"$(inherited)",
					"@executable_path/Frameworks",
				);
				PRODUCT_BUNDLE_IDENTIFIER = "com.Repository-Finder";
				PRODUCT_NAME = "$(TARGET_NAME)";
				SWIFT_VERSION = 4.0;
				TARGETED_DEVICE_FAMILY = "1,2";
			};
			name = Release;
		};
		4AC16B7921BB8A390012B89B /* Debug */ = {
			isa = XCBuildConfiguration;
			buildSettings = {
				ALWAYS_EMBED_SWIFT_STANDARD_LIBRARIES = YES;
				BUNDLE_LOADER = "$(TEST_HOST)";
				CODE_SIGN_STYLE = Automatic;
				INFOPLIST_FILE = "Repository FinderTests/Info.plist";
				LD_RUNPATH_SEARCH_PATHS = (
					"$(inherited)",
					"@executable_path/Frameworks",
					"@loader_path/Frameworks",
				);
				PRODUCT_BUNDLE_IDENTIFIER = "com.Repository-FinderTests";
				PRODUCT_NAME = "$(TARGET_NAME)";
				SWIFT_VERSION = 4.0;
				TARGETED_DEVICE_FAMILY = "1,2";
				TEST_HOST = "$(BUILT_PRODUCTS_DIR)/Repository Finder.app/Repository Finder";
			};
			name = Debug;
		};
		4AC16B7A21BB8A390012B89B /* Release */ = {
			isa = XCBuildConfiguration;
			buildSettings = {
				ALWAYS_EMBED_SWIFT_STANDARD_LIBRARIES = YES;
				BUNDLE_LOADER = "$(TEST_HOST)";
				CODE_SIGN_STYLE = Automatic;
				INFOPLIST_FILE = "Repository FinderTests/Info.plist";
				LD_RUNPATH_SEARCH_PATHS = (
					"$(inherited)",
					"@executable_path/Frameworks",
					"@loader_path/Frameworks",
				);
				PRODUCT_BUNDLE_IDENTIFIER = "com.Repository-FinderTests";
				PRODUCT_NAME = "$(TARGET_NAME)";
				SWIFT_VERSION = 4.0;
				TARGETED_DEVICE_FAMILY = "1,2";
				TEST_HOST = "$(BUILT_PRODUCTS_DIR)/Repository Finder.app/Repository Finder";
			};
			name = Release;
		};
/* End XCBuildConfiguration section */

/* Begin XCConfigurationList section */
		4AC16B5321BB8A360012B89B /* Build configuration list for PBXProject "Repository Finder" */ = {
			isa = XCConfigurationList;
			buildConfigurations = (
				4AC16B7321BB8A390012B89B /* Debug */,
				4AC16B7421BB8A390012B89B /* Release */,
			);
			defaultConfigurationIsVisible = 0;
			defaultConfigurationName = Release;
		};
		4AC16B7521BB8A390012B89B /* Build configuration list for PBXNativeTarget "Repository Finder" */ = {
			isa = XCConfigurationList;
			buildConfigurations = (
				4AC16B7621BB8A390012B89B /* Debug */,
				4AC16B7721BB8A390012B89B /* Release */,
			);
			defaultConfigurationIsVisible = 0;
			defaultConfigurationName = Release;
		};
		4AC16B7821BB8A390012B89B /* Build configuration list for PBXNativeTarget "Repository FinderTests" */ = {
			isa = XCConfigurationList;
			buildConfigurations = (
				4AC16B7921BB8A390012B89B /* Debug */,
				4AC16B7A21BB8A390012B89B /* Release */,
			);
			defaultConfigurationIsVisible = 0;
			defaultConfigurationName = Release;
		};
/* End XCConfigurationList section */
	};
	rootObject = 4AC16B5021BB8A360012B89B /* Project object */;
}
